// !$*UTF8*$!
{
	archiveVersion = 1;
	classes = {
	};
	objectVersion = 46;
	objects = {

/* Begin PBXBuildFile section */
		EC0189511D81C3EB005E46B9 /* libavcodec.a in Frameworks */ = {isa = PBXBuildFile; fileRef = EC01894B1D81C3EB005E46B9 /* libavcodec.a */; };
		EC0189521D81C3EB005E46B9 /* libavfilter.a in Frameworks */ = {isa = PBXBuildFile; fileRef = EC01894C1D81C3EB005E46B9 /* libavfilter.a */; };
		EC0189531D81C3EB005E46B9 /* libavformat.a in Frameworks */ = {isa = PBXBuildFile; fileRef = EC01894D1D81C3EB005E46B9 /* libavformat.a */; };
		EC0189541D81C3EB005E46B9 /* libavutil.a in Frameworks */ = {isa = PBXBuildFile; fileRef = EC01894E1D81C3EB005E46B9 /* libavutil.a */; };
		EC0189551D81C3EB005E46B9 /* libswresample.a in Frameworks */ = {isa = PBXBuildFile; fileRef = EC01894F1D81C3EB005E46B9 /* libswresample.a */; };
		EC0189561D81C3EB005E46B9 /* libswscale.a in Frameworks */ = {isa = PBXBuildFile; fileRef = EC0189501D81C3EB005E46B9 /* libswscale.a */; };
		EC0189591D81D1E6005E46B9 /* TTQoS.cpp in Sources */ = {isa = PBXBuildFile; fileRef = EC0189571D81D1E6005E46B9 /* TTQoS.cpp */; };
		EC01895C1D81D52A005E46B9 /* TTVideoCodec.cpp in Sources */ = {isa = PBXBuildFile; fileRef = EC01895A1D81D52A005E46B9 /* TTVideoCodec.cpp */; };
		EC09E9F61F0AA2710034680D /* TTProtocol.cpp in Sources */ = {isa = PBXBuildFile; fileRef = EC09E9F41F0AA2710034680D /* TTProtocol.cpp */; };
		EC11654D1F52B9B100AF56ED /* TTFilterGroup.cpp in Sources */ = {isa = PBXBuildFile; fileRef = EC11654B1F52B9B100AF56ED /* TTFilterGroup.cpp */; };
		EC1165551F52E3AD00AF56ED /* TTPlayerBar.m in Sources */ = {isa = PBXBuildFile; fileRef = EC1165541F52E3AD00AF56ED /* TTPlayerBar.m */; };
		EC12806A1D7BF0A400ACF31A /* libz.tbd in Frameworks */ = {isa = PBXBuildFile; fileRef = EC1280691D7BF0A400ACF31A /* libz.tbd */; };
		EC12806C1D7BF0AB00ACF31A /* libiconv.tbd in Frameworks */ = {isa = PBXBuildFile; fileRef = EC12806B1D7BF0AB00ACF31A /* libiconv.tbd */; };
		EC1A20831F42FAE000632C0D /* TTClass.cpp in Sources */ = {isa = PBXBuildFile; fileRef = EC1A20811F42FAE000632C0D /* TTClass.cpp */; };
		EC1A20921F43FB0200632C0D /* TTFramebuffer.cpp in Sources */ = {isa = PBXBuildFile; fileRef = EC1A208B1F43FB0200632C0D /* TTFramebuffer.cpp */; };
		EC1A20931F43FB0200632C0D /* TTProgram.cpp in Sources */ = {isa = PBXBuildFile; fileRef = EC1A208C1F43FB0200632C0D /* TTProgram.cpp */; };
		EC1A20941F43FB0200632C0D /* TTSource.cpp in Sources */ = {isa = PBXBuildFile; fileRef = EC1A208E1F43FB0200632C0D /* TTSource.cpp */; };
		EC1A20951F43FB0200632C0D /* TTFilter.cpp in Sources */ = {isa = PBXBuildFile; fileRef = EC1A20901F43FB0200632C0D /* TTFilter.cpp */; };
		EC1A209B1F43FB6A00632C0D /* TTGLContext_ios.mm in Sources */ = {isa = PBXBuildFile; fileRef = EC1A20991F43FB6A00632C0D /* TTGLContext_ios.mm */; };
		EC1A209E1F45333E00632C0D /* TTColorConvertFilter.cpp in Sources */ = {isa = PBXBuildFile; fileRef = EC1A209C1F45333E00632C0D /* TTColorConvertFilter.cpp */; };
		EC1A20AA1F45816000632C0D /* TTImageView.mm in Sources */ = {isa = PBXBuildFile; fileRef = EC1A20A91F45816000632C0D /* TTImageView.mm */; };
		EC1A20AD1F46C50C00632C0D /* TTContrastFilter.cpp in Sources */ = {isa = PBXBuildFile; fileRef = EC1A20AB1F46C50C00632C0D /* TTContrastFilter.cpp */; };
		EC1A20B21F498EA200632C0D /* TTFilter_ios.mm in Sources */ = {isa = PBXBuildFile; fileRef = EC1A20B11F498EA200632C0D /* TTFilter_ios.mm */; };
		EC35E7501D7C10C200F0659A /* libbz2.tbd in Frameworks */ = {isa = PBXBuildFile; fileRef = EC35E74F1D7C10C200F0659A /* libbz2.tbd */; };
		EC35E7551D7C327700F0659A /* TTPacket.cpp in Sources */ = {isa = PBXBuildFile; fileRef = EC35E7531D7C327700F0659A /* TTPacket.cpp */; };
		EC3D8F791B99BD8F006FC622 /* main.m in Sources */ = {isa = PBXBuildFile; fileRef = EC3D8F781B99BD8F006FC622 /* main.m */; };
		EC3D8F7C1B99BD8F006FC622 /* AppDelegate.m in Sources */ = {isa = PBXBuildFile; fileRef = EC3D8F7B1B99BD8F006FC622 /* AppDelegate.m */; };
		EC3D8F7F1B99BD8F006FC622 /* ViewController.mm in Sources */ = {isa = PBXBuildFile; fileRef = EC3D8F7E1B99BD8F006FC622 /* ViewController.mm */; };
		EC3D8F821B99BD8F006FC622 /* Main.storyboard in Resources */ = {isa = PBXBuildFile; fileRef = EC3D8F801B99BD8F006FC622 /* Main.storyboard */; };
		EC3D8F841B99BD8F006FC622 /* Images.xcassets in Resources */ = {isa = PBXBuildFile; fileRef = EC3D8F831B99BD8F006FC622 /* Images.xcassets */; };
		EC3D8F871B99BD8F006FC622 /* LaunchScreen.xib in Resources */ = {isa = PBXBuildFile; fileRef = EC3D8F851B99BD8F006FC622 /* LaunchScreen.xib */; };
		EC3D8F931B99BD8F006FC622 /* TTPlayerExampleTests.m in Sources */ = {isa = PBXBuildFile; fileRef = EC3D8F921B99BD8F006FC622 /* TTPlayerExampleTests.m */; };
		EC3EC4A61B9DD9D700C1438F /* Info.plist in Resources */ = {isa = PBXBuildFile; fileRef = EC3EC49C1B9DD9D700C1438F /* Info.plist */; };
		EC41A9901F49F1F900321BD4 /* TTMovieWriter.mm in Sources */ = {isa = PBXBuildFile; fileRef = EC41A98F1F49F1F900321BD4 /* TTMovieWriter.mm */; };
		EC4727551D0C15100023EE51 /* TTTCPSocket.cpp in Sources */ = {isa = PBXBuildFile; fileRef = EC4727531D0C15100023EE51 /* TTTCPSocket.cpp */; };
		EC4727631D0C5B4F0023EE51 /* TTURL.cpp in Sources */ = {isa = PBXBuildFile; fileRef = EC4727611D0C5B4F0023EE51 /* TTURL.cpp */; };
		EC4E9C6A1F1A6400005C8E36 /* TTMutex.cpp in Sources */ = {isa = PBXBuildFile; fileRef = EC4E9C681F1A6400005C8E36 /* TTMutex.cpp */; };
		EC4E9C6D1F1A6572005C8E36 /* TTCond.cpp in Sources */ = {isa = PBXBuildFile; fileRef = EC4E9C6B1F1A6572005C8E36 /* TTCond.cpp */; };
		EC4E9C701F1A7AA6005C8E36 /* TTQueue.cpp in Sources */ = {isa = PBXBuildFile; fileRef = EC4E9C6E1F1A7AA6005C8E36 /* TTQueue.cpp */; };
		EC4E9C801F1A7C3E005C8E36 /* TTRender.cpp in Sources */ = {isa = PBXBuildFile; fileRef = EC4E9C7A1F1A7C3E005C8E36 /* TTRender.cpp */; };
		EC4E9C991F1A7DE5005C8E36 /* AAPLEAGLLayer.m in Sources */ = {isa = PBXBuildFile; fileRef = EC4E9C851F1A7DE5005C8E36 /* AAPLEAGLLayer.m */; };
		EC4E9C9A1F1A7DE5005C8E36 /* TTAssetReader.m in Sources */ = {isa = PBXBuildFile; fileRef = EC4E9C871F1A7DE5005C8E36 /* TTAssetReader.m */; };
		EC4E9C9B1F1A7DE5005C8E36 /* TTAVPlayerView.m in Sources */ = {isa = PBXBuildFile; fileRef = EC4E9C891F1A7DE5005C8E36 /* TTAVPlayerView.m */; };
		EC4E9C9C1F1A7DE5005C8E36 /* TTFFmpegReader.m in Sources */ = {isa = PBXBuildFile; fileRef = EC4E9C8B1F1A7DE5005C8E36 /* TTFFmpegReader.m */; };
		EC4E9C9D1F1A7DE5005C8E36 /* TTOpenGLLayer.m in Sources */ = {isa = PBXBuildFile; fileRef = EC4E9C8D1F1A7DE5005C8E36 /* TTOpenGLLayer.m */; };
		EC4E9C9E1F1A7DE5005C8E36 /* TTPlayerControl.m in Sources */ = {isa = PBXBuildFile; fileRef = EC4E9C901F1A7DE5005C8E36 /* TTPlayerControl.m */; };
		EC4E9C9F1F1A7DE5005C8E36 /* TTPlayerFrame.m in Sources */ = {isa = PBXBuildFile; fileRef = EC4E9C921F1A7DE5005C8E36 /* TTPlayerFrame.m */; };
		EC4E9CA01F1A7DE5005C8E36 /* TTPlayerView.m in Sources */ = {isa = PBXBuildFile; fileRef = EC4E9C941F1A7DE5005C8E36 /* TTPlayerView.m */; };
		EC4E9CA11F1A7DE5005C8E36 /* TTQueue.m in Sources */ = {isa = PBXBuildFile; fileRef = EC4E9C961F1A7DE5005C8E36 /* TTQueue.m */; };
		EC4E9CA21F1A7DE5005C8E36 /* TTVideoLayer.m in Sources */ = {isa = PBXBuildFile; fileRef = EC4E9C981F1A7DE5005C8E36 /* TTVideoLayer.m */; };
		EC4E9CA51F1B9E99005C8E36 /* TTOpenGLView.mm in Sources */ = {isa = PBXBuildFile; fileRef = EC4E9CA41F1B9E99005C8E36 /* TTOpenGLView.mm */; };
		EC4E9CA91F1BC21E005C8E36 /* TTShaderYUV420p.cpp in Sources */ = {isa = PBXBuildFile; fileRef = EC4E9CA71F1BC21E005C8E36 /* TTShaderYUV420p.cpp */; };
		EC4E9CAB1F1FA937005C8E36 /* TTPlayer_ios.mm in Sources */ = {isa = PBXBuildFile; fileRef = EC4E9CAA1F1FA937005C8E36 /* TTPlayer_ios.mm */; };
		EC4E9CAF1F2390A4005C8E36 /* test.mp4 in Resources */ = {isa = PBXBuildFile; fileRef = EC4E9CAE1F2390A4005C8E36 /* test.mp4 */; };
		EC8D83EC1D846E7B00C25D03 /* CoreVideo.framework in Frameworks */ = {isa = PBXBuildFile; fileRef = EC8D83EB1D846E7B00C25D03 /* CoreVideo.framework */; };
		ECB053DA1F3C13AB00A49FA5 /* TTAudioCodec.cpp in Sources */ = {isa = PBXBuildFile; fileRef = ECB053D81F3C13AB00A49FA5 /* TTAudioCodec.cpp */; };
		ECB053E01F3C629100A49FA5 /* TTAudioQueue_ios.cpp in Sources */ = {isa = PBXBuildFile; fileRef = ECB053DE1F3C629100A49FA5 /* TTAudioQueue_ios.cpp */; };
		ECB053E31F3C632D00A49FA5 /* TTAudioQueue.cpp in Sources */ = {isa = PBXBuildFile; fileRef = ECB053E11F3C632D00A49FA5 /* TTAudioQueue.cpp */; };
		ECB053E81F3DE7AA00A49FA5 /* TTClock.cpp in Sources */ = {isa = PBXBuildFile; fileRef = ECB053E61F3DE7AA00A49FA5 /* TTClock.cpp */; };
		ECB053EC1F3E94EC00A49FA5 /* easylogging++.cc in Sources */ = {isa = PBXBuildFile; fileRef = ECB053EA1F3E94EC00A49FA5 /* easylogging++.cc */; };
		ECB053EE1F3EA6C800A49FA5 /* audio_HEv2.flv in Resources */ = {isa = PBXBuildFile; fileRef = ECB053ED1F3EA6C800A49FA5 /* audio_HEv2.flv */; };
		ECF92A141D676181006BB111 /* TTFFStream.cpp in Sources */ = {isa = PBXBuildFile; fileRef = ECF92A0E1D676181006BB111 /* TTFFStream.cpp */; };
		ECF92A161D676181006BB111 /* TTStream.cpp in Sources */ = {isa = PBXBuildFile; fileRef = ECF92A121D676181006BB111 /* TTStream.cpp */; };
		ECF92A191D67619D006BB111 /* TTFrame.cpp in Sources */ = {isa = PBXBuildFile; fileRef = ECF92A171D67619D006BB111 /* TTFrame.cpp */; };
		ECF92A2B1D69EFA7006BB111 /* TTPlayer.cpp in Sources */ = {isa = PBXBuildFile; fileRef = ECF92A291D69EFA7006BB111 /* TTPlayer.cpp */; };
/* End PBXBuildFile section */

/* Begin PBXContainerItemProxy section */
		EC3D8F8D1B99BD8F006FC622 /* PBXContainerItemProxy */ = {
			isa = PBXContainerItemProxy;
			containerPortal = EC3D8F6B1B99BD8F006FC622 /* Project object */;
			proxyType = 1;
			remoteGlobalIDString = EC3D8F721B99BD8F006FC622;
			remoteInfo = TTPlayerExample;
		};
/* End PBXContainerItemProxy section */

/* Begin PBXFileReference section */
		EC0188C61D81C3EB005E46B9 /* avcodec.h */ = {isa = PBXFileReference; fileEncoding = 4; lastKnownFileType = sourcecode.c.h; path = avcodec.h; sourceTree = "<group>"; };
		EC0188C71D81C3EB005E46B9 /* avdct.h */ = {isa = PBXFileReference; fileEncoding = 4; lastKnownFileType = sourcecode.c.h; path = avdct.h; sourceTree = "<group>"; };
		EC0188C81D81C3EB005E46B9 /* avfft.h */ = {isa = PBXFileReference; fileEncoding = 4; lastKnownFileType = sourcecode.c.h; path = avfft.h; sourceTree = "<group>"; };
		EC0188C91D81C3EB005E46B9 /* d3d11va.h */ = {isa = PBXFileReference; fileEncoding = 4; lastKnownFileType = sourcecode.c.h; path = d3d11va.h; sourceTree = "<group>"; };
		EC0188CA1D81C3EB005E46B9 /* dirac.h */ = {isa = PBXFileReference; fileEncoding = 4; lastKnownFileType = sourcecode.c.h; path = dirac.h; sourceTree = "<group>"; };
		EC0188CB1D81C3EB005E46B9 /* dv_profile.h */ = {isa = PBXFileReference; fileEncoding = 4; lastKnownFileType = sourcecode.c.h; path = dv_profile.h; sourceTree = "<group>"; };
		EC0188CC1D81C3EB005E46B9 /* dxva2.h */ = {isa = PBXFileReference; fileEncoding = 4; lastKnownFileType = sourcecode.c.h; path = dxva2.h; sourceTree = "<group>"; };
		EC0188CD1D81C3EB005E46B9 /* jni.h */ = {isa = PBXFileReference; fileEncoding = 4; lastKnownFileType = sourcecode.c.h; path = jni.h; sourceTree = "<group>"; };
		EC0188CE1D81C3EB005E46B9 /* qsv.h */ = {isa = PBXFileReference; fileEncoding = 4; lastKnownFileType = sourcecode.c.h; path = qsv.h; sourceTree = "<group>"; };
		EC0188CF1D81C3EB005E46B9 /* vaapi.h */ = {isa = PBXFileReference; fileEncoding = 4; lastKnownFileType = sourcecode.c.h; path = vaapi.h; sourceTree = "<group>"; };
		EC0188D01D81C3EB005E46B9 /* vda.h */ = {isa = PBXFileReference; fileEncoding = 4; lastKnownFileType = sourcecode.c.h; path = vda.h; sourceTree = "<group>"; };
		EC0188D11D81C3EB005E46B9 /* vdpau.h */ = {isa = PBXFileReference; fileEncoding = 4; lastKnownFileType = sourcecode.c.h; path = vdpau.h; sourceTree = "<group>"; };
		EC0188D21D81C3EB005E46B9 /* version.h */ = {isa = PBXFileReference; fileEncoding = 4; lastKnownFileType = sourcecode.c.h; path = version.h; sourceTree = "<group>"; };
		EC0188D31D81C3EB005E46B9 /* videotoolbox.h */ = {isa = PBXFileReference; fileEncoding = 4; lastKnownFileType = sourcecode.c.h; path = videotoolbox.h; sourceTree = "<group>"; };
		EC0188D41D81C3EB005E46B9 /* vorbis_parser.h */ = {isa = PBXFileReference; fileEncoding = 4; lastKnownFileType = sourcecode.c.h; path = vorbis_parser.h; sourceTree = "<group>"; };
		EC0188D51D81C3EB005E46B9 /* xvmc.h */ = {isa = PBXFileReference; fileEncoding = 4; lastKnownFileType = sourcecode.c.h; path = xvmc.h; sourceTree = "<group>"; };
		EC0188D71D81C3EB005E46B9 /* avfilter.h */ = {isa = PBXFileReference; fileEncoding = 4; lastKnownFileType = sourcecode.c.h; path = avfilter.h; sourceTree = "<group>"; };
		EC0188D81D81C3EB005E46B9 /* avfiltergraph.h */ = {isa = PBXFileReference; fileEncoding = 4; lastKnownFileType = sourcecode.c.h; path = avfiltergraph.h; sourceTree = "<group>"; };
		EC0188D91D81C3EB005E46B9 /* buffersink.h */ = {isa = PBXFileReference; fileEncoding = 4; lastKnownFileType = sourcecode.c.h; path = buffersink.h; sourceTree = "<group>"; };
		EC0188DA1D81C3EB005E46B9 /* buffersrc.h */ = {isa = PBXFileReference; fileEncoding = 4; lastKnownFileType = sourcecode.c.h; path = buffersrc.h; sourceTree = "<group>"; };
		EC0188DB1D81C3EB005E46B9 /* version.h */ = {isa = PBXFileReference; fileEncoding = 4; lastKnownFileType = sourcecode.c.h; path = version.h; sourceTree = "<group>"; };
		EC0188DD1D81C3EB005E46B9 /* avc.h */ = {isa = PBXFileReference; fileEncoding = 4; lastKnownFileType = sourcecode.c.h; path = avc.h; sourceTree = "<group>"; };
		EC0188DE1D81C3EB005E46B9 /* avformat.h */ = {isa = PBXFileReference; fileEncoding = 4; lastKnownFileType = sourcecode.c.h; path = avformat.h; sourceTree = "<group>"; };
		EC0188DF1D81C3EB005E46B9 /* avio.h */ = {isa = PBXFileReference; fileEncoding = 4; lastKnownFileType = sourcecode.c.h; path = avio.h; sourceTree = "<group>"; };
		EC0188E01D81C3EB005E46B9 /* internal.h */ = {isa = PBXFileReference; fileEncoding = 4; lastKnownFileType = sourcecode.c.h; path = internal.h; sourceTree = "<group>"; };
		EC0188E11D81C3EB005E46B9 /* url.h */ = {isa = PBXFileReference; fileEncoding = 4; lastKnownFileType = sourcecode.c.h; path = url.h; sourceTree = "<group>"; };
		EC0188E21D81C3EB005E46B9 /* version.h */ = {isa = PBXFileReference; fileEncoding = 4; lastKnownFileType = sourcecode.c.h; path = version.h; sourceTree = "<group>"; };
		EC0188E41D81C3EB005E46B9 /* adler32.h */ = {isa = PBXFileReference; fileEncoding = 4; lastKnownFileType = sourcecode.c.h; path = adler32.h; sourceTree = "<group>"; };
		EC0188E51D81C3EB005E46B9 /* aes.h */ = {isa = PBXFileReference; fileEncoding = 4; lastKnownFileType = sourcecode.c.h; path = aes.h; sourceTree = "<group>"; };
		EC0188E61D81C3EB005E46B9 /* aes_ctr.h */ = {isa = PBXFileReference; fileEncoding = 4; lastKnownFileType = sourcecode.c.h; path = aes_ctr.h; sourceTree = "<group>"; };
		EC0188E71D81C3EB005E46B9 /* application.h */ = {isa = PBXFileReference; fileEncoding = 4; lastKnownFileType = sourcecode.c.h; path = application.h; sourceTree = "<group>"; };
		EC0188E91D81C3EB005E46B9 /* avconfig.h */ = {isa = PBXFileReference; fileEncoding = 4; lastKnownFileType = sourcecode.c.h; path = avconfig.h; sourceTree = "<group>"; };
		EC0188EA1D81C3EB005E46B9 /* ffversion.h */ = {isa = PBXFileReference; fileEncoding = 4; lastKnownFileType = sourcecode.c.h; path = ffversion.h; sourceTree = "<group>"; };
		EC0188EC1D81C3EB005E46B9 /* avconfig.h */ = {isa = PBXFileReference; fileEncoding = 4; lastKnownFileType = sourcecode.c.h; path = avconfig.h; sourceTree = "<group>"; };
		EC0188ED1D81C3EB005E46B9 /* ffversion.h */ = {isa = PBXFileReference; fileEncoding = 4; lastKnownFileType = sourcecode.c.h; path = ffversion.h; sourceTree = "<group>"; };
		EC0188EE1D81C3EB005E46B9 /* attributes.h */ = {isa = PBXFileReference; fileEncoding = 4; lastKnownFileType = sourcecode.c.h; path = attributes.h; sourceTree = "<group>"; };
		EC0188EF1D81C3EB005E46B9 /* audio_fifo.h */ = {isa = PBXFileReference; fileEncoding = 4; lastKnownFileType = sourcecode.c.h; path = audio_fifo.h; sourceTree = "<group>"; };
		EC0188F01D81C3EB005E46B9 /* avassert.h */ = {isa = PBXFileReference; fileEncoding = 4; lastKnownFileType = sourcecode.c.h; path = avassert.h; sourceTree = "<group>"; };
		EC0188F11D81C3EB005E46B9 /* avconfig.h */ = {isa = PBXFileReference; fileEncoding = 4; lastKnownFileType = sourcecode.c.h; path = avconfig.h; sourceTree = "<group>"; };
		EC0188F21D81C3EB005E46B9 /* avstring.h */ = {isa = PBXFileReference; fileEncoding = 4; lastKnownFileType = sourcecode.c.h; path = avstring.h; sourceTree = "<group>"; };
		EC0188F31D81C3EB005E46B9 /* avutil.h */ = {isa = PBXFileReference; fileEncoding = 4; lastKnownFileType = sourcecode.c.h; path = avutil.h; sourceTree = "<group>"; };
		EC0188F41D81C3EB005E46B9 /* base64.h */ = {isa = PBXFileReference; fileEncoding = 4; lastKnownFileType = sourcecode.c.h; path = base64.h; sourceTree = "<group>"; };
		EC0188F51D81C3EB005E46B9 /* blowfish.h */ = {isa = PBXFileReference; fileEncoding = 4; lastKnownFileType = sourcecode.c.h; path = blowfish.h; sourceTree = "<group>"; };
		EC0188F61D81C3EB005E46B9 /* bprint.h */ = {isa = PBXFileReference; fileEncoding = 4; lastKnownFileType = sourcecode.c.h; path = bprint.h; sourceTree = "<group>"; };
		EC0188F71D81C3EB005E46B9 /* bswap.h */ = {isa = PBXFileReference; fileEncoding = 4; lastKnownFileType = sourcecode.c.h; path = bswap.h; sourceTree = "<group>"; };
		EC0188F81D81C3EB005E46B9 /* buffer.h */ = {isa = PBXFileReference; fileEncoding = 4; lastKnownFileType = sourcecode.c.h; path = buffer.h; sourceTree = "<group>"; };
		EC0188F91D81C3EB005E46B9 /* camellia.h */ = {isa = PBXFileReference; fileEncoding = 4; lastKnownFileType = sourcecode.c.h; path = camellia.h; sourceTree = "<group>"; };
		EC0188FA1D81C3EB005E46B9 /* cast5.h */ = {isa = PBXFileReference; fileEncoding = 4; lastKnownFileType = sourcecode.c.h; path = cast5.h; sourceTree = "<group>"; };
		EC0188FB1D81C3EB005E46B9 /* channel_layout.h */ = {isa = PBXFileReference; fileEncoding = 4; lastKnownFileType = sourcecode.c.h; path = channel_layout.h; sourceTree = "<group>"; };
		EC0188FC1D81C3EB005E46B9 /* common.h */ = {isa = PBXFileReference; fileEncoding = 4; lastKnownFileType = sourcecode.c.h; path = common.h; sourceTree = "<group>"; };
		EC0188FD1D81C3EB005E46B9 /* cpu.h */ = {isa = PBXFileReference; fileEncoding = 4; lastKnownFileType = sourcecode.c.h; path = cpu.h; sourceTree = "<group>"; };
		EC0188FE1D81C3EB005E46B9 /* crc.h */ = {isa = PBXFileReference; fileEncoding = 4; lastKnownFileType = sourcecode.c.h; path = crc.h; sourceTree = "<group>"; };
		EC0188FF1D81C3EB005E46B9 /* des.h */ = {isa = PBXFileReference; fileEncoding = 4; lastKnownFileType = sourcecode.c.h; path = des.h; sourceTree = "<group>"; };
		EC0189001D81C3EB005E46B9 /* dict.h */ = {isa = PBXFileReference; fileEncoding = 4; lastKnownFileType = sourcecode.c.h; path = dict.h; sourceTree = "<group>"; };
		EC0189011D81C3EB005E46B9 /* display.h */ = {isa = PBXFileReference; fileEncoding = 4; lastKnownFileType = sourcecode.c.h; path = display.h; sourceTree = "<group>"; };
		EC0189021D81C3EB005E46B9 /* downmix_info.h */ = {isa = PBXFileReference; fileEncoding = 4; lastKnownFileType = sourcecode.c.h; path = downmix_info.h; sourceTree = "<group>"; };
		EC0189031D81C3EB005E46B9 /* error.h */ = {isa = PBXFileReference; fileEncoding = 4; lastKnownFileType = sourcecode.c.h; path = error.h; sourceTree = "<group>"; };
		EC0189041D81C3EB005E46B9 /* eval.h */ = {isa = PBXFileReference; fileEncoding = 4; lastKnownFileType = sourcecode.c.h; path = eval.h; sourceTree = "<group>"; };
		EC0189051D81C3EB005E46B9 /* ffversion.h */ = {isa = PBXFileReference; fileEncoding = 4; lastKnownFileType = sourcecode.c.h; path = ffversion.h; sourceTree = "<group>"; };
		EC0189061D81C3EB005E46B9 /* fifo.h */ = {isa = PBXFileReference; fileEncoding = 4; lastKnownFileType = sourcecode.c.h; path = fifo.h; sourceTree = "<group>"; };
		EC0189071D81C3EB005E46B9 /* file.h */ = {isa = PBXFileReference; fileEncoding = 4; lastKnownFileType = sourcecode.c.h; path = file.h; sourceTree = "<group>"; };
		EC0189081D81C3EB005E46B9 /* frame.h */ = {isa = PBXFileReference; fileEncoding = 4; lastKnownFileType = sourcecode.c.h; path = frame.h; sourceTree = "<group>"; };
		EC0189091D81C3EB005E46B9 /* hash.h */ = {isa = PBXFileReference; fileEncoding = 4; lastKnownFileType = sourcecode.c.h; path = hash.h; sourceTree = "<group>"; };
		EC01890A1D81C3EB005E46B9 /* hmac.h */ = {isa = PBXFileReference; fileEncoding = 4; lastKnownFileType = sourcecode.c.h; path = hmac.h; sourceTree = "<group>"; };
		EC01890B1D81C3EB005E46B9 /* hwcontext.h */ = {isa = PBXFileReference; fileEncoding = 4; lastKnownFileType = sourcecode.c.h; path = hwcontext.h; sourceTree = "<group>"; };
		EC01890C1D81C3EB005E46B9 /* hwcontext_cuda.h */ = {isa = PBXFileReference; fileEncoding = 4; lastKnownFileType = sourcecode.c.h; path = hwcontext_cuda.h; sourceTree = "<group>"; };
		EC01890D1D81C3EB005E46B9 /* hwcontext_dxva2.h */ = {isa = PBXFileReference; fileEncoding = 4; lastKnownFileType = sourcecode.c.h; path = hwcontext_dxva2.h; sourceTree = "<group>"; };
		EC01890E1D81C3EB005E46B9 /* hwcontext_vaapi.h */ = {isa = PBXFileReference; fileEncoding = 4; lastKnownFileType = sourcecode.c.h; path = hwcontext_vaapi.h; sourceTree = "<group>"; };
		EC01890F1D81C3EB005E46B9 /* hwcontext_vdpau.h */ = {isa = PBXFileReference; fileEncoding = 4; lastKnownFileType = sourcecode.c.h; path = hwcontext_vdpau.h; sourceTree = "<group>"; };
		EC0189111D81C3EB005E46B9 /* avconfig.h */ = {isa = PBXFileReference; fileEncoding = 4; lastKnownFileType = sourcecode.c.h; path = avconfig.h; sourceTree = "<group>"; };
		EC0189121D81C3EB005E46B9 /* ffversion.h */ = {isa = PBXFileReference; fileEncoding = 4; lastKnownFileType = sourcecode.c.h; path = ffversion.h; sourceTree = "<group>"; };
		EC0189131D81C3EB005E46B9 /* imgutils.h */ = {isa = PBXFileReference; fileEncoding = 4; lastKnownFileType = sourcecode.c.h; path = imgutils.h; sourceTree = "<group>"; };
		EC0189141D81C3EB005E46B9 /* intfloat.h */ = {isa = PBXFileReference; fileEncoding = 4; lastKnownFileType = sourcecode.c.h; path = intfloat.h; sourceTree = "<group>"; };
		EC0189151D81C3EB005E46B9 /* intreadwrite.h */ = {isa = PBXFileReference; fileEncoding = 4; lastKnownFileType = sourcecode.c.h; path = intreadwrite.h; sourceTree = "<group>"; };
		EC0189161D81C3EB005E46B9 /* lfg.h */ = {isa = PBXFileReference; fileEncoding = 4; lastKnownFileType = sourcecode.c.h; path = lfg.h; sourceTree = "<group>"; };
		EC0189171D81C3EB005E46B9 /* log.h */ = {isa = PBXFileReference; fileEncoding = 4; lastKnownFileType = sourcecode.c.h; path = log.h; sourceTree = "<group>"; };
		EC0189181D81C3EB005E46B9 /* macros.h */ = {isa = PBXFileReference; fileEncoding = 4; lastKnownFileType = sourcecode.c.h; path = macros.h; sourceTree = "<group>"; };
		EC0189191D81C3EB005E46B9 /* mastering_display_metadata.h */ = {isa = PBXFileReference; fileEncoding = 4; lastKnownFileType = sourcecode.c.h; path = mastering_display_metadata.h; sourceTree = "<group>"; };
		EC01891A1D81C3EB005E46B9 /* mathematics.h */ = {isa = PBXFileReference; fileEncoding = 4; lastKnownFileType = sourcecode.c.h; path = mathematics.h; sourceTree = "<group>"; };
		EC01891B1D81C3EB005E46B9 /* md5.h */ = {isa = PBXFileReference; fileEncoding = 4; lastKnownFileType = sourcecode.c.h; path = md5.h; sourceTree = "<group>"; };
		EC01891C1D81C3EB005E46B9 /* mem.h */ = {isa = PBXFileReference; fileEncoding = 4; lastKnownFileType = sourcecode.c.h; path = mem.h; sourceTree = "<group>"; };
		EC01891D1D81C3EB005E46B9 /* motion_vector.h */ = {isa = PBXFileReference; fileEncoding = 4; lastKnownFileType = sourcecode.c.h; path = motion_vector.h; sourceTree = "<group>"; };
		EC01891E1D81C3EB005E46B9 /* murmur3.h */ = {isa = PBXFileReference; fileEncoding = 4; lastKnownFileType = sourcecode.c.h; path = murmur3.h; sourceTree = "<group>"; };
		EC01891F1D81C3EB005E46B9 /* opt.h */ = {isa = PBXFileReference; fileEncoding = 4; lastKnownFileType = sourcecode.c.h; path = opt.h; sourceTree = "<group>"; };
		EC0189201D81C3EB005E46B9 /* parseutils.h */ = {isa = PBXFileReference; fileEncoding = 4; lastKnownFileType = sourcecode.c.h; path = parseutils.h; sourceTree = "<group>"; };
		EC0189211D81C3EB005E46B9 /* pixdesc.h */ = {isa = PBXFileReference; fileEncoding = 4; lastKnownFileType = sourcecode.c.h; path = pixdesc.h; sourceTree = "<group>"; };
		EC0189221D81C3EB005E46B9 /* pixelutils.h */ = {isa = PBXFileReference; fileEncoding = 4; lastKnownFileType = sourcecode.c.h; path = pixelutils.h; sourceTree = "<group>"; };
		EC0189231D81C3EB005E46B9 /* pixfmt.h */ = {isa = PBXFileReference; fileEncoding = 4; lastKnownFileType = sourcecode.c.h; path = pixfmt.h; sourceTree = "<group>"; };
		EC0189241D81C3EB005E46B9 /* random_seed.h */ = {isa = PBXFileReference; fileEncoding = 4; lastKnownFileType = sourcecode.c.h; path = random_seed.h; sourceTree = "<group>"; };
		EC0189251D81C3EB005E46B9 /* rational.h */ = {isa = PBXFileReference; fileEncoding = 4; lastKnownFileType = sourcecode.c.h; path = rational.h; sourceTree = "<group>"; };
		EC0189261D81C3EB005E46B9 /* rc4.h */ = {isa = PBXFileReference; fileEncoding = 4; lastKnownFileType = sourcecode.c.h; path = rc4.h; sourceTree = "<group>"; };
		EC0189271D81C3EB005E46B9 /* replaygain.h */ = {isa = PBXFileReference; fileEncoding = 4; lastKnownFileType = sourcecode.c.h; path = replaygain.h; sourceTree = "<group>"; };
		EC0189281D81C3EB005E46B9 /* ripemd.h */ = {isa = PBXFileReference; fileEncoding = 4; lastKnownFileType = sourcecode.c.h; path = ripemd.h; sourceTree = "<group>"; };
		EC0189291D81C3EB005E46B9 /* samplefmt.h */ = {isa = PBXFileReference; fileEncoding = 4; lastKnownFileType = sourcecode.c.h; path = samplefmt.h; sourceTree = "<group>"; };
		EC01892A1D81C3EB005E46B9 /* sha.h */ = {isa = PBXFileReference; fileEncoding = 4; lastKnownFileType = sourcecode.c.h; path = sha.h; sourceTree = "<group>"; };
		EC01892B1D81C3EB005E46B9 /* sha512.h */ = {isa = PBXFileReference; fileEncoding = 4; lastKnownFileType = sourcecode.c.h; path = sha512.h; sourceTree = "<group>"; };
		EC01892C1D81C3EB005E46B9 /* stereo3d.h */ = {isa = PBXFileReference; fileEncoding = 4; lastKnownFileType = sourcecode.c.h; path = stereo3d.h; sourceTree = "<group>"; };
		EC01892D1D81C3EB005E46B9 /* tea.h */ = {isa = PBXFileReference; fileEncoding = 4; lastKnownFileType = sourcecode.c.h; path = tea.h; sourceTree = "<group>"; };
		EC01892E1D81C3EB005E46B9 /* thread.h */ = {isa = PBXFileReference; fileEncoding = 4; lastKnownFileType = sourcecode.c.h; path = thread.h; sourceTree = "<group>"; };
		EC01892F1D81C3EB005E46B9 /* threadmessage.h */ = {isa = PBXFileReference; fileEncoding = 4; lastKnownFileType = sourcecode.c.h; path = threadmessage.h; sourceTree = "<group>"; };
		EC0189301D81C3EB005E46B9 /* time.h */ = {isa = PBXFileReference; fileEncoding = 4; lastKnownFileType = sourcecode.c.h; path = time.h; sourceTree = "<group>"; };
		EC0189311D81C3EB005E46B9 /* timecode.h */ = {isa = PBXFileReference; fileEncoding = 4; lastKnownFileType = sourcecode.c.h; path = timecode.h; sourceTree = "<group>"; };
		EC0189321D81C3EB005E46B9 /* timestamp.h */ = {isa = PBXFileReference; fileEncoding = 4; lastKnownFileType = sourcecode.c.h; path = timestamp.h; sourceTree = "<group>"; };
		EC0189331D81C3EB005E46B9 /* tree.h */ = {isa = PBXFileReference; fileEncoding = 4; lastKnownFileType = sourcecode.c.h; path = tree.h; sourceTree = "<group>"; };
		EC0189341D81C3EB005E46B9 /* twofish.h */ = {isa = PBXFileReference; fileEncoding = 4; lastKnownFileType = sourcecode.c.h; path = twofish.h; sourceTree = "<group>"; };
		EC0189351D81C3EB005E46B9 /* version.h */ = {isa = PBXFileReference; fileEncoding = 4; lastKnownFileType = sourcecode.c.h; path = version.h; sourceTree = "<group>"; };
		EC0189371D81C3EB005E46B9 /* avconfig.h */ = {isa = PBXFileReference; fileEncoding = 4; lastKnownFileType = sourcecode.c.h; path = avconfig.h; sourceTree = "<group>"; };
		EC0189381D81C3EB005E46B9 /* ffversion.h */ = {isa = PBXFileReference; fileEncoding = 4; lastKnownFileType = sourcecode.c.h; path = ffversion.h; sourceTree = "<group>"; };
		EC0189391D81C3EB005E46B9 /* xtea.h */ = {isa = PBXFileReference; fileEncoding = 4; lastKnownFileType = sourcecode.c.h; path = xtea.h; sourceTree = "<group>"; };
		EC01893C1D81C3EB005E46B9 /* config.h */ = {isa = PBXFileReference; fileEncoding = 4; lastKnownFileType = sourcecode.c.h; path = config.h; sourceTree = "<group>"; };
		EC01893E1D81C3EB005E46B9 /* config.h */ = {isa = PBXFileReference; fileEncoding = 4; lastKnownFileType = sourcecode.c.h; path = config.h; sourceTree = "<group>"; };
		EC01893F1D81C3EB005E46B9 /* config.h */ = {isa = PBXFileReference; fileEncoding = 4; lastKnownFileType = sourcecode.c.h; path = config.h; sourceTree = "<group>"; };
		EC0189411D81C3EB005E46B9 /* config.h */ = {isa = PBXFileReference; fileEncoding = 4; lastKnownFileType = sourcecode.c.h; path = config.h; sourceTree = "<group>"; };
		EC0189431D81C3EB005E46B9 /* config.h */ = {isa = PBXFileReference; fileEncoding = 4; lastKnownFileType = sourcecode.c.h; path = config.h; sourceTree = "<group>"; };
		EC0189451D81C3EB005E46B9 /* swresample.h */ = {isa = PBXFileReference; fileEncoding = 4; lastKnownFileType = sourcecode.c.h; path = swresample.h; sourceTree = "<group>"; };
		EC0189461D81C3EB005E46B9 /* version.h */ = {isa = PBXFileReference; fileEncoding = 4; lastKnownFileType = sourcecode.c.h; path = version.h; sourceTree = "<group>"; };
		EC0189481D81C3EB005E46B9 /* swscale.h */ = {isa = PBXFileReference; fileEncoding = 4; lastKnownFileType = sourcecode.c.h; path = swscale.h; sourceTree = "<group>"; };
		EC0189491D81C3EB005E46B9 /* version.h */ = {isa = PBXFileReference; fileEncoding = 4; lastKnownFileType = sourcecode.c.h; path = version.h; sourceTree = "<group>"; };
		EC01894B1D81C3EB005E46B9 /* libavcodec.a */ = {isa = PBXFileReference; lastKnownFileType = archive.ar; path = libavcodec.a; sourceTree = "<group>"; };
		EC01894C1D81C3EB005E46B9 /* libavfilter.a */ = {isa = PBXFileReference; lastKnownFileType = archive.ar; path = libavfilter.a; sourceTree = "<group>"; };
		EC01894D1D81C3EB005E46B9 /* libavformat.a */ = {isa = PBXFileReference; lastKnownFileType = archive.ar; path = libavformat.a; sourceTree = "<group>"; };
		EC01894E1D81C3EB005E46B9 /* libavutil.a */ = {isa = PBXFileReference; lastKnownFileType = archive.ar; path = libavutil.a; sourceTree = "<group>"; };
		EC01894F1D81C3EB005E46B9 /* libswresample.a */ = {isa = PBXFileReference; lastKnownFileType = archive.ar; path = libswresample.a; sourceTree = "<group>"; };
		EC0189501D81C3EB005E46B9 /* libswscale.a */ = {isa = PBXFileReference; lastKnownFileType = archive.ar; path = libswscale.a; sourceTree = "<group>"; };
		EC0189571D81D1E6005E46B9 /* TTQoS.cpp */ = {isa = PBXFileReference; fileEncoding = 4; lastKnownFileType = sourcecode.cpp.cpp; path = TTQoS.cpp; sourceTree = "<group>"; };
		EC0189581D81D1E6005E46B9 /* TTQoS.hpp */ = {isa = PBXFileReference; fileEncoding = 4; lastKnownFileType = sourcecode.cpp.h; path = TTQoS.hpp; sourceTree = "<group>"; };
		EC01895A1D81D52A005E46B9 /* TTVideoCodec.cpp */ = {isa = PBXFileReference; fileEncoding = 4; lastKnownFileType = sourcecode.cpp.cpp; path = TTVideoCodec.cpp; sourceTree = "<group>"; };
		EC01895B1D81D52A005E46B9 /* TTVideoCodec.hpp */ = {isa = PBXFileReference; fileEncoding = 4; lastKnownFileType = sourcecode.cpp.h; path = TTVideoCodec.hpp; sourceTree = "<group>"; };
		EC09E9F41F0AA2710034680D /* TTProtocol.cpp */ = {isa = PBXFileReference; fileEncoding = 4; lastKnownFileType = sourcecode.cpp.cpp; path = TTProtocol.cpp; sourceTree = "<group>"; };
		EC09E9F51F0AA2710034680D /* TTProtocol.hpp */ = {isa = PBXFileReference; fileEncoding = 4; lastKnownFileType = sourcecode.cpp.h; path = TTProtocol.hpp; sourceTree = "<group>"; };
		EC11654B1F52B9B100AF56ED /* TTFilterGroup.cpp */ = {isa = PBXFileReference; fileEncoding = 4; lastKnownFileType = sourcecode.cpp.cpp; path = TTFilterGroup.cpp; sourceTree = "<group>"; };
		EC11654C1F52B9B100AF56ED /* TTFilterGroup.hpp */ = {isa = PBXFileReference; fileEncoding = 4; lastKnownFileType = sourcecode.cpp.h; path = TTFilterGroup.hpp; sourceTree = "<group>"; };
		EC1165531F52E3AD00AF56ED /* TTPlayerBar.h */ = {isa = PBXFileReference; fileEncoding = 4; lastKnownFileType = sourcecode.c.h; path = TTPlayerBar.h; sourceTree = "<group>"; };
		EC1165541F52E3AD00AF56ED /* TTPlayerBar.m */ = {isa = PBXFileReference; fileEncoding = 4; lastKnownFileType = sourcecode.c.objc; path = TTPlayerBar.m; sourceTree = "<group>"; };
		EC1280691D7BF0A400ACF31A /* libz.tbd */ = {isa = PBXFileReference; lastKnownFileType = "sourcecode.text-based-dylib-definition"; name = libz.tbd; path = usr/lib/libz.tbd; sourceTree = SDKROOT; };
		EC12806B1D7BF0AB00ACF31A /* libiconv.tbd */ = {isa = PBXFileReference; lastKnownFileType = "sourcecode.text-based-dylib-definition"; name = libiconv.tbd; path = usr/lib/libiconv.tbd; sourceTree = SDKROOT; };
		EC194A1E1CCE056300032B9A /* libstdc++.6.0.9.dylib */ = {isa = PBXFileReference; lastKnownFileType = "compiled.mach-o.dylib"; name = "libstdc++.6.0.9.dylib"; path = "../../../../../../../usr/lib/libstdc++.6.0.9.dylib"; sourceTree = "<group>"; };
		EC1A20811F42FAE000632C0D /* TTClass.cpp */ = {isa = PBXFileReference; fileEncoding = 4; lastKnownFileType = sourcecode.cpp.cpp; path = TTClass.cpp; sourceTree = "<group>"; };
		EC1A20821F42FAE000632C0D /* TTClass.hpp */ = {isa = PBXFileReference; fileEncoding = 4; lastKnownFileType = sourcecode.cpp.h; path = TTClass.hpp; sourceTree = "<group>"; };
		EC1A208A1F43FB0200632C0D /* TTFramebuffer.hpp */ = {isa = PBXFileReference; fileEncoding = 4; lastKnownFileType = sourcecode.cpp.h; path = TTFramebuffer.hpp; sourceTree = "<group>"; };
		EC1A208B1F43FB0200632C0D /* TTFramebuffer.cpp */ = {isa = PBXFileReference; fileEncoding = 4; lastKnownFileType = sourcecode.cpp.cpp; path = TTFramebuffer.cpp; sourceTree = "<group>"; };
		EC1A208C1F43FB0200632C0D /* TTProgram.cpp */ = {isa = PBXFileReference; fileEncoding = 4; lastKnownFileType = sourcecode.cpp.cpp; path = TTProgram.cpp; sourceTree = "<group>"; };
		EC1A208D1F43FB0200632C0D /* TTProgram.hpp */ = {isa = PBXFileReference; fileEncoding = 4; lastKnownFileType = sourcecode.cpp.h; path = TTProgram.hpp; sourceTree = "<group>"; };
		EC1A208E1F43FB0200632C0D /* TTSource.cpp */ = {isa = PBXFileReference; fileEncoding = 4; lastKnownFileType = sourcecode.cpp.cpp; path = TTSource.cpp; sourceTree = "<group>"; };
		EC1A208F1F43FB0200632C0D /* TTSource.hpp */ = {isa = PBXFileReference; fileEncoding = 4; lastKnownFileType = sourcecode.cpp.h; path = TTSource.hpp; sourceTree = "<group>"; };
		EC1A20901F43FB0200632C0D /* TTFilter.cpp */ = {isa = PBXFileReference; fileEncoding = 4; lastKnownFileType = sourcecode.cpp.cpp; path = TTFilter.cpp; sourceTree = "<group>"; };
		EC1A20911F43FB0200632C0D /* TTFilter.hpp */ = {isa = PBXFileReference; fileEncoding = 4; lastKnownFileType = sourcecode.cpp.h; path = TTFilter.hpp; sourceTree = "<group>"; };
		EC1A20991F43FB6A00632C0D /* TTGLContext_ios.mm */ = {isa = PBXFileReference; fileEncoding = 4; lastKnownFileType = sourcecode.cpp.objcpp; path = TTGLContext_ios.mm; sourceTree = "<group>"; };
		EC1A209A1F43FB6A00632C0D /* TTGLContext_ios.h */ = {isa = PBXFileReference; fileEncoding = 4; lastKnownFileType = sourcecode.c.h; path = TTGLContext_ios.h; sourceTree = "<group>"; };
		EC1A209C1F45333E00632C0D /* TTColorConvertFilter.cpp */ = {isa = PBXFileReference; fileEncoding = 4; lastKnownFileType = sourcecode.cpp.cpp; path = TTColorConvertFilter.cpp; sourceTree = "<group>"; };
		EC1A209D1F45333E00632C0D /* TTColorConvertFilter.hpp */ = {isa = PBXFileReference; fileEncoding = 4; lastKnownFileType = sourcecode.cpp.h; path = TTColorConvertFilter.hpp; sourceTree = "<group>"; };
		EC1A20A81F45816000632C0D /* TTImageView.h */ = {isa = PBXFileReference; fileEncoding = 4; lastKnownFileType = sourcecode.c.h; path = TTImageView.h; sourceTree = "<group>"; };
		EC1A20A91F45816000632C0D /* TTImageView.mm */ = {isa = PBXFileReference; fileEncoding = 4; lastKnownFileType = sourcecode.cpp.objcpp; path = TTImageView.mm; sourceTree = "<group>"; };
		EC1A20AB1F46C50C00632C0D /* TTContrastFilter.cpp */ = {isa = PBXFileReference; fileEncoding = 4; lastKnownFileType = sourcecode.cpp.cpp; path = TTContrastFilter.cpp; sourceTree = "<group>"; };
		EC1A20AC1F46C50C00632C0D /* TTContrastFilter.hpp */ = {isa = PBXFileReference; fileEncoding = 4; lastKnownFileType = sourcecode.cpp.h; path = TTContrastFilter.hpp; sourceTree = "<group>"; };
		EC1A20AE1F46C59600632C0D /* TTdef.h */ = {isa = PBXFileReference; lastKnownFileType = sourcecode.c.h; path = TTdef.h; sourceTree = "<group>"; };
		EC1A20AF1F46C7AD00632C0D /* TTProcess.h */ = {isa = PBXFileReference; lastKnownFileType = sourcecode.c.h; path = TTProcess.h; sourceTree = "<group>"; };
		EC1A20B01F498EA200632C0D /* TTFilter_ios.h */ = {isa = PBXFileReference; fileEncoding = 4; lastKnownFileType = sourcecode.c.h; path = TTFilter_ios.h; sourceTree = "<group>"; };
		EC1A20B11F498EA200632C0D /* TTFilter_ios.mm */ = {isa = PBXFileReference; fileEncoding = 4; lastKnownFileType = sourcecode.cpp.objcpp; path = TTFilter_ios.mm; sourceTree = "<group>"; };
		EC35E74F1D7C10C200F0659A /* libbz2.tbd */ = {isa = PBXFileReference; lastKnownFileType = "sourcecode.text-based-dylib-definition"; name = libbz2.tbd; path = usr/lib/libbz2.tbd; sourceTree = SDKROOT; };
		EC35E7531D7C327700F0659A /* TTPacket.cpp */ = {isa = PBXFileReference; fileEncoding = 4; lastKnownFileType = sourcecode.cpp.cpp; path = TTPacket.cpp; sourceTree = "<group>"; };
		EC35E7541D7C327700F0659A /* TTPacket.hpp */ = {isa = PBXFileReference; fileEncoding = 4; lastKnownFileType = sourcecode.cpp.h; path = TTPacket.hpp; sourceTree = "<group>"; };
		EC3D8F731B99BD8F006FC622 /* TTPlayerExample.app */ = {isa = PBXFileReference; explicitFileType = wrapper.application; includeInIndex = 0; path = TTPlayerExample.app; sourceTree = BUILT_PRODUCTS_DIR; };
		EC3D8F771B99BD8F006FC622 /* Info.plist */ = {isa = PBXFileReference; lastKnownFileType = text.plist.xml; path = Info.plist; sourceTree = "<group>"; };
		EC3D8F781B99BD8F006FC622 /* main.m */ = {isa = PBXFileReference; lastKnownFileType = sourcecode.c.objc; path = main.m; sourceTree = "<group>"; };
		EC3D8F7A1B99BD8F006FC622 /* AppDelegate.h */ = {isa = PBXFileReference; lastKnownFileType = sourcecode.c.h; path = AppDelegate.h; sourceTree = "<group>"; };
		EC3D8F7B1B99BD8F006FC622 /* AppDelegate.m */ = {isa = PBXFileReference; lastKnownFileType = sourcecode.c.objc; path = AppDelegate.m; sourceTree = "<group>"; };
		EC3D8F7D1B99BD8F006FC622 /* ViewController.h */ = {isa = PBXFileReference; lastKnownFileType = sourcecode.c.h; path = ViewController.h; sourceTree = "<group>"; };
		EC3D8F7E1B99BD8F006FC622 /* ViewController.mm */ = {isa = PBXFileReference; lastKnownFileType = sourcecode.cpp.objcpp; path = ViewController.mm; sourceTree = "<group>"; };
		EC3D8F811B99BD8F006FC622 /* Base */ = {isa = PBXFileReference; lastKnownFileType = file.storyboard; name = Base; path = Base.lproj/Main.storyboard; sourceTree = "<group>"; };
		EC3D8F831B99BD8F006FC622 /* Images.xcassets */ = {isa = PBXFileReference; lastKnownFileType = folder.assetcatalog; path = Images.xcassets; sourceTree = "<group>"; };
		EC3D8F861B99BD8F006FC622 /* Base */ = {isa = PBXFileReference; lastKnownFileType = file.xib; name = Base; path = Base.lproj/LaunchScreen.xib; sourceTree = "<group>"; };
		EC3D8F8C1B99BD8F006FC622 /* TTPlayerExampleTests.xctest */ = {isa = PBXFileReference; explicitFileType = wrapper.cfbundle; includeInIndex = 0; path = TTPlayerExampleTests.xctest; sourceTree = BUILT_PRODUCTS_DIR; };
		EC3D8F911B99BD8F006FC622 /* Info.plist */ = {isa = PBXFileReference; lastKnownFileType = text.plist.xml; path = Info.plist; sourceTree = "<group>"; };
		EC3D8F921B99BD8F006FC622 /* TTPlayerExampleTests.m */ = {isa = PBXFileReference; lastKnownFileType = sourcecode.c.objc; path = TTPlayerExampleTests.m; sourceTree = "<group>"; };
		EC3EC49C1B9DD9D700C1438F /* Info.plist */ = {isa = PBXFileReference; fileEncoding = 4; lastKnownFileType = text.plist.xml; path = Info.plist; sourceTree = "<group>"; };
		EC41A98E1F49F1F900321BD4 /* TTMovieWriter.h */ = {isa = PBXFileReference; fileEncoding = 4; lastKnownFileType = sourcecode.c.h; path = TTMovieWriter.h; sourceTree = "<group>"; };
		EC41A98F1F49F1F900321BD4 /* TTMovieWriter.mm */ = {isa = PBXFileReference; fileEncoding = 4; lastKnownFileType = sourcecode.cpp.objcpp; path = TTMovieWriter.mm; sourceTree = "<group>"; };
		EC4727531D0C15100023EE51 /* TTTCPSocket.cpp */ = {isa = PBXFileReference; fileEncoding = 4; lastKnownFileType = sourcecode.cpp.cpp; path = TTTCPSocket.cpp; sourceTree = "<group>"; };
		EC4727541D0C15100023EE51 /* TTTCPSocket.hpp */ = {isa = PBXFileReference; fileEncoding = 4; lastKnownFileType = sourcecode.cpp.h; path = TTTCPSocket.hpp; sourceTree = "<group>"; };
		EC4727611D0C5B4F0023EE51 /* TTURL.cpp */ = {isa = PBXFileReference; fileEncoding = 4; lastKnownFileType = sourcecode.cpp.cpp; path = TTURL.cpp; sourceTree = "<group>"; };
		EC4727621D0C5B4F0023EE51 /* TTURL.hpp */ = {isa = PBXFileReference; fileEncoding = 4; lastKnownFileType = sourcecode.cpp.h; path = TTURL.hpp; sourceTree = "<group>"; };
		EC4E9C681F1A6400005C8E36 /* TTMutex.cpp */ = {isa = PBXFileReference; fileEncoding = 4; lastKnownFileType = sourcecode.cpp.cpp; path = TTMutex.cpp; sourceTree = "<group>"; };
		EC4E9C691F1A6400005C8E36 /* TTMutex.hpp */ = {isa = PBXFileReference; fileEncoding = 4; lastKnownFileType = sourcecode.cpp.h; path = TTMutex.hpp; sourceTree = "<group>"; };
		EC4E9C6B1F1A6572005C8E36 /* TTCond.cpp */ = {isa = PBXFileReference; fileEncoding = 4; lastKnownFileType = sourcecode.cpp.cpp; path = TTCond.cpp; sourceTree = "<group>"; };
		EC4E9C6C1F1A6572005C8E36 /* TTCond.hpp */ = {isa = PBXFileReference; fileEncoding = 4; lastKnownFileType = sourcecode.cpp.h; path = TTCond.hpp; sourceTree = "<group>"; };
		EC4E9C6E1F1A7AA6005C8E36 /* TTQueue.cpp */ = {isa = PBXFileReference; fileEncoding = 4; lastKnownFileType = sourcecode.cpp.cpp; path = TTQueue.cpp; sourceTree = "<group>"; };
		EC4E9C6F1F1A7AA6005C8E36 /* TTQueue.hpp */ = {isa = PBXFileReference; fileEncoding = 4; lastKnownFileType = sourcecode.cpp.h; path = TTQueue.hpp; sourceTree = "<group>"; };
		EC4E9C7A1F1A7C3E005C8E36 /* TTRender.cpp */ = {isa = PBXFileReference; fileEncoding = 4; lastKnownFileType = sourcecode.cpp.cpp; path = TTRender.cpp; sourceTree = "<group>"; };
		EC4E9C7B1F1A7C3E005C8E36 /* TTRender.hpp */ = {isa = PBXFileReference; fileEncoding = 4; lastKnownFileType = sourcecode.cpp.h; path = TTRender.hpp; sourceTree = "<group>"; };
		EC4E9C841F1A7DE5005C8E36 /* AAPLEAGLLayer.h */ = {isa = PBXFileReference; fileEncoding = 4; lastKnownFileType = sourcecode.c.h; path = AAPLEAGLLayer.h; sourceTree = "<group>"; };
		EC4E9C851F1A7DE5005C8E36 /* AAPLEAGLLayer.m */ = {isa = PBXFileReference; fileEncoding = 4; lastKnownFileType = sourcecode.c.objc; path = AAPLEAGLLayer.m; sourceTree = "<group>"; };
		EC4E9C861F1A7DE5005C8E36 /* TTAssetReader.h */ = {isa = PBXFileReference; fileEncoding = 4; lastKnownFileType = sourcecode.c.h; path = TTAssetReader.h; sourceTree = "<group>"; };
		EC4E9C871F1A7DE5005C8E36 /* TTAssetReader.m */ = {isa = PBXFileReference; fileEncoding = 4; lastKnownFileType = sourcecode.c.objc; path = TTAssetReader.m; sourceTree = "<group>"; };
		EC4E9C881F1A7DE5005C8E36 /* TTAVPlayerView.h */ = {isa = PBXFileReference; fileEncoding = 4; lastKnownFileType = sourcecode.c.h; path = TTAVPlayerView.h; sourceTree = "<group>"; };
		EC4E9C891F1A7DE5005C8E36 /* TTAVPlayerView.m */ = {isa = PBXFileReference; fileEncoding = 4; lastKnownFileType = sourcecode.c.objc; path = TTAVPlayerView.m; sourceTree = "<group>"; };
		EC4E9C8A1F1A7DE5005C8E36 /* TTFFmpegReader.h */ = {isa = PBXFileReference; fileEncoding = 4; lastKnownFileType = sourcecode.c.h; path = TTFFmpegReader.h; sourceTree = "<group>"; };
		EC4E9C8B1F1A7DE5005C8E36 /* TTFFmpegReader.m */ = {isa = PBXFileReference; fileEncoding = 4; lastKnownFileType = sourcecode.c.objc; path = TTFFmpegReader.m; sourceTree = "<group>"; };
		EC4E9C8C1F1A7DE5005C8E36 /* TTOpenGLLayer.h */ = {isa = PBXFileReference; fileEncoding = 4; lastKnownFileType = sourcecode.c.h; path = TTOpenGLLayer.h; sourceTree = "<group>"; };
		EC4E9C8D1F1A7DE5005C8E36 /* TTOpenGLLayer.m */ = {isa = PBXFileReference; fileEncoding = 4; lastKnownFileType = sourcecode.c.objc; path = TTOpenGLLayer.m; sourceTree = "<group>"; };
		EC4E9C8E1F1A7DE5005C8E36 /* TTPlayer.h */ = {isa = PBXFileReference; fileEncoding = 4; lastKnownFileType = sourcecode.c.h; path = TTPlayer.h; sourceTree = "<group>"; };
		EC4E9C8F1F1A7DE5005C8E36 /* TTPlayerControl.h */ = {isa = PBXFileReference; fileEncoding = 4; lastKnownFileType = sourcecode.c.h; path = TTPlayerControl.h; sourceTree = "<group>"; };
		EC4E9C901F1A7DE5005C8E36 /* TTPlayerControl.m */ = {isa = PBXFileReference; fileEncoding = 4; lastKnownFileType = sourcecode.c.objc; path = TTPlayerControl.m; sourceTree = "<group>"; };
		EC4E9C911F1A7DE5005C8E36 /* TTPlayerFrame.h */ = {isa = PBXFileReference; fileEncoding = 4; lastKnownFileType = sourcecode.c.h; path = TTPlayerFrame.h; sourceTree = "<group>"; };
		EC4E9C921F1A7DE5005C8E36 /* TTPlayerFrame.m */ = {isa = PBXFileReference; fileEncoding = 4; lastKnownFileType = sourcecode.c.objc; path = TTPlayerFrame.m; sourceTree = "<group>"; };
		EC4E9C931F1A7DE5005C8E36 /* TTPlayerView.h */ = {isa = PBXFileReference; fileEncoding = 4; lastKnownFileType = sourcecode.c.h; path = TTPlayerView.h; sourceTree = "<group>"; };
		EC4E9C941F1A7DE5005C8E36 /* TTPlayerView.m */ = {isa = PBXFileReference; fileEncoding = 4; lastKnownFileType = sourcecode.c.objc; path = TTPlayerView.m; sourceTree = "<group>"; };
		EC4E9C951F1A7DE5005C8E36 /* TTQueue.h */ = {isa = PBXFileReference; fileEncoding = 4; lastKnownFileType = sourcecode.c.h; path = TTQueue.h; sourceTree = "<group>"; };
		EC4E9C961F1A7DE5005C8E36 /* TTQueue.m */ = {isa = PBXFileReference; fileEncoding = 4; lastKnownFileType = sourcecode.c.objc; path = TTQueue.m; sourceTree = "<group>"; };
		EC4E9C971F1A7DE5005C8E36 /* TTVideoLayer.h */ = {isa = PBXFileReference; fileEncoding = 4; lastKnownFileType = sourcecode.c.h; path = TTVideoLayer.h; sourceTree = "<group>"; };
		EC4E9C981F1A7DE5005C8E36 /* TTVideoLayer.m */ = {isa = PBXFileReference; fileEncoding = 4; lastKnownFileType = sourcecode.c.objc; path = TTVideoLayer.m; sourceTree = "<group>"; };
		EC4E9CA31F1B9E99005C8E36 /* TTOpenGLView.h */ = {isa = PBXFileReference; fileEncoding = 4; lastKnownFileType = sourcecode.c.h; path = TTOpenGLView.h; sourceTree = "<group>"; };
		EC4E9CA41F1B9E99005C8E36 /* TTOpenGLView.mm */ = {isa = PBXFileReference; fileEncoding = 4; lastKnownFileType = sourcecode.cpp.objcpp; path = TTOpenGLView.mm; sourceTree = "<group>"; };
		EC4E9CA71F1BC21E005C8E36 /* TTShaderYUV420p.cpp */ = {isa = PBXFileReference; fileEncoding = 4; lastKnownFileType = sourcecode.cpp.cpp; path = TTShaderYUV420p.cpp; sourceTree = "<group>"; };
		EC4E9CA81F1BC21E005C8E36 /* TTShaderYUV420p.hpp */ = {isa = PBXFileReference; fileEncoding = 4; lastKnownFileType = sourcecode.cpp.h; path = TTShaderYUV420p.hpp; sourceTree = "<group>"; };
		EC4E9CAA1F1FA937005C8E36 /* TTPlayer_ios.mm */ = {isa = PBXFileReference; fileEncoding = 4; lastKnownFileType = sourcecode.cpp.objcpp; path = TTPlayer_ios.mm; sourceTree = "<group>"; };
		EC4E9CAC1F1FAA25005C8E36 /* TTPlayer_ios.h */ = {isa = PBXFileReference; lastKnownFileType = sourcecode.c.h; path = TTPlayer_ios.h; sourceTree = "<group>"; };
		EC4E9CAE1F2390A4005C8E36 /* test.mp4 */ = {isa = PBXFileReference; lastKnownFileType = file; path = test.mp4; sourceTree = "<group>"; };
		EC8D83EB1D846E7B00C25D03 /* CoreVideo.framework */ = {isa = PBXFileReference; lastKnownFileType = wrapper.framework; name = CoreVideo.framework; path = System/Library/Frameworks/CoreVideo.framework; sourceTree = SDKROOT; };
		ECB053D81F3C13AB00A49FA5 /* TTAudioCodec.cpp */ = {isa = PBXFileReference; fileEncoding = 4; lastKnownFileType = sourcecode.cpp.cpp; path = TTAudioCodec.cpp; sourceTree = "<group>"; };
		ECB053D91F3C13AB00A49FA5 /* TTAudioCodec.hpp */ = {isa = PBXFileReference; fileEncoding = 4; lastKnownFileType = sourcecode.cpp.h; path = TTAudioCodec.hpp; sourceTree = "<group>"; };
		ECB053DE1F3C629100A49FA5 /* TTAudioQueue_ios.cpp */ = {isa = PBXFileReference; fileEncoding = 4; lastKnownFileType = sourcecode.cpp.cpp; path = TTAudioQueue_ios.cpp; sourceTree = "<group>"; };
		ECB053DF1F3C629100A49FA5 /* TTAudioQueue_ios.hpp */ = {isa = PBXFileReference; fileEncoding = 4; lastKnownFileType = sourcecode.cpp.h; path = TTAudioQueue_ios.hpp; sourceTree = "<group>"; };
		ECB053E11F3C632D00A49FA5 /* TTAudioQueue.cpp */ = {isa = PBXFileReference; fileEncoding = 4; lastKnownFileType = sourcecode.cpp.cpp; path = TTAudioQueue.cpp; sourceTree = "<group>"; };
		ECB053E21F3C632D00A49FA5 /* TTAudioQueue.hpp */ = {isa = PBXFileReference; fileEncoding = 4; lastKnownFileType = sourcecode.cpp.h; path = TTAudioQueue.hpp; sourceTree = "<group>"; };
		ECB053E61F3DE7AA00A49FA5 /* TTClock.cpp */ = {isa = PBXFileReference; fileEncoding = 4; lastKnownFileType = sourcecode.cpp.cpp; path = TTClock.cpp; sourceTree = "<group>"; };
		ECB053E71F3DE7AA00A49FA5 /* TTClock.hpp */ = {isa = PBXFileReference; fileEncoding = 4; lastKnownFileType = sourcecode.cpp.h; path = TTClock.hpp; sourceTree = "<group>"; };
		ECB053EA1F3E94EC00A49FA5 /* easylogging++.cc */ = {isa = PBXFileReference; fileEncoding = 4; lastKnownFileType = sourcecode.cpp.cpp; path = "easylogging++.cc"; sourceTree = "<group>"; };
		ECB053EB1F3E94EC00A49FA5 /* easylogging++.h */ = {isa = PBXFileReference; fileEncoding = 4; lastKnownFileType = sourcecode.c.h; path = "easylogging++.h"; sourceTree = "<group>"; };
		ECB053ED1F3EA6C800A49FA5 /* audio_HEv2.flv */ = {isa = PBXFileReference; lastKnownFileType = file; path = audio_HEv2.flv; sourceTree = "<group>"; };
		ECF92A0E1D676181006BB111 /* TTFFStream.cpp */ = {isa = PBXFileReference; fileEncoding = 4; lastKnownFileType = sourcecode.cpp.cpp; path = TTFFStream.cpp; sourceTree = "<group>"; };
		ECF92A0F1D676181006BB111 /* TTFFStream.hpp */ = {isa = PBXFileReference; fileEncoding = 4; lastKnownFileType = sourcecode.cpp.h; path = TTFFStream.hpp; sourceTree = "<group>"; };
		ECF92A121D676181006BB111 /* TTStream.cpp */ = {isa = PBXFileReference; fileEncoding = 4; lastKnownFileType = sourcecode.cpp.cpp; path = TTStream.cpp; sourceTree = "<group>"; };
		ECF92A131D676181006BB111 /* TTStream.hpp */ = {isa = PBXFileReference; fileEncoding = 4; lastKnownFileType = sourcecode.cpp.h; path = TTStream.hpp; sourceTree = "<group>"; };
		ECF92A171D67619D006BB111 /* TTFrame.cpp */ = {isa = PBXFileReference; fileEncoding = 4; lastKnownFileType = sourcecode.cpp.cpp; path = TTFrame.cpp; sourceTree = "<group>"; };
		ECF92A181D67619D006BB111 /* TTFrame.hpp */ = {isa = PBXFileReference; fileEncoding = 4; lastKnownFileType = sourcecode.cpp.h; path = TTFrame.hpp; sourceTree = "<group>"; };
		ECF92A291D69EFA7006BB111 /* TTPlayer.cpp */ = {isa = PBXFileReference; fileEncoding = 4; lastKnownFileType = sourcecode.cpp.cpp; path = TTPlayer.cpp; sourceTree = "<group>"; };
		ECF92A2A1D69EFA7006BB111 /* TTPlayer.hpp */ = {isa = PBXFileReference; fileEncoding = 4; lastKnownFileType = sourcecode.cpp.h; path = TTPlayer.hpp; sourceTree = "<group>"; };
/* End PBXFileReference section */

/* Begin PBXFrameworksBuildPhase section */
		EC3D8F701B99BD8F006FC622 /* Frameworks */ = {
			isa = PBXFrameworksBuildPhase;
			buildActionMask = 2147483647;
			files = (
				EC8D83EC1D846E7B00C25D03 /* CoreVideo.framework in Frameworks */,
				EC0189551D81C3EB005E46B9 /* libswresample.a in Frameworks */,
				EC35E7501D7C10C200F0659A /* libbz2.tbd in Frameworks */,
				EC0189521D81C3EB005E46B9 /* libavfilter.a in Frameworks */,
				EC12806C1D7BF0AB00ACF31A /* libiconv.tbd in Frameworks */,
				EC0189531D81C3EB005E46B9 /* libavformat.a in Frameworks */,
				EC0189541D81C3EB005E46B9 /* libavutil.a in Frameworks */,
				EC0189561D81C3EB005E46B9 /* libswscale.a in Frameworks */,
				EC12806A1D7BF0A400ACF31A /* libz.tbd in Frameworks */,
				EC0189511D81C3EB005E46B9 /* libavcodec.a in Frameworks */,
			);
			runOnlyForDeploymentPostprocessing = 0;
		};
		EC3D8F891B99BD8F006FC622 /* Frameworks */ = {
			isa = PBXFrameworksBuildPhase;
			buildActionMask = 2147483647;
			files = (
			);
			runOnlyForDeploymentPostprocessing = 0;
		};
/* End PBXFrameworksBuildPhase section */

/* Begin PBXGroup section */
		EC0188C31D81C3EB005E46B9 /* FFmpeg-iOS */ = {
			isa = PBXGroup;
			children = (
				EC0188C41D81C3EB005E46B9 /* include */,
				EC01894A1D81C3EB005E46B9 /* lib */,
			);
			path = "FFmpeg-iOS";
			sourceTree = "<group>";
		};
		EC0188C41D81C3EB005E46B9 /* include */ = {
			isa = PBXGroup;
			children = (
				EC0188C51D81C3EB005E46B9 /* libavcodec */,
				EC0188D61D81C3EB005E46B9 /* libavfilter */,
				EC0188DC1D81C3EB005E46B9 /* libavformat */,
				EC0188E31D81C3EB005E46B9 /* libavutil */,
				EC01893A1D81C3EB005E46B9 /* libffmpeg */,
				EC0189441D81C3EB005E46B9 /* libswresample */,
				EC0189471D81C3EB005E46B9 /* libswscale */,
			);
			path = include;
			sourceTree = "<group>";
		};
		EC0188C51D81C3EB005E46B9 /* libavcodec */ = {
			isa = PBXGroup;
			children = (
				EC0188C61D81C3EB005E46B9 /* avcodec.h */,
				EC0188C71D81C3EB005E46B9 /* avdct.h */,
				EC0188C81D81C3EB005E46B9 /* avfft.h */,
				EC0188C91D81C3EB005E46B9 /* d3d11va.h */,
				EC0188CA1D81C3EB005E46B9 /* dirac.h */,
				EC0188CB1D81C3EB005E46B9 /* dv_profile.h */,
				EC0188CC1D81C3EB005E46B9 /* dxva2.h */,
				EC0188CD1D81C3EB005E46B9 /* jni.h */,
				EC0188CE1D81C3EB005E46B9 /* qsv.h */,
				EC0188CF1D81C3EB005E46B9 /* vaapi.h */,
				EC0188D01D81C3EB005E46B9 /* vda.h */,
				EC0188D11D81C3EB005E46B9 /* vdpau.h */,
				EC0188D21D81C3EB005E46B9 /* version.h */,
				EC0188D31D81C3EB005E46B9 /* videotoolbox.h */,
				EC0188D41D81C3EB005E46B9 /* vorbis_parser.h */,
				EC0188D51D81C3EB005E46B9 /* xvmc.h */,
			);
			path = libavcodec;
			sourceTree = "<group>";
		};
		EC0188D61D81C3EB005E46B9 /* libavfilter */ = {
			isa = PBXGroup;
			children = (
				EC0188D71D81C3EB005E46B9 /* avfilter.h */,
				EC0188D81D81C3EB005E46B9 /* avfiltergraph.h */,
				EC0188D91D81C3EB005E46B9 /* buffersink.h */,
				EC0188DA1D81C3EB005E46B9 /* buffersrc.h */,
				EC0188DB1D81C3EB005E46B9 /* version.h */,
			);
			path = libavfilter;
			sourceTree = "<group>";
		};
		EC0188DC1D81C3EB005E46B9 /* libavformat */ = {
			isa = PBXGroup;
			children = (
				EC0188DD1D81C3EB005E46B9 /* avc.h */,
				EC0188DE1D81C3EB005E46B9 /* avformat.h */,
				EC0188DF1D81C3EB005E46B9 /* avio.h */,
				EC0188E01D81C3EB005E46B9 /* internal.h */,
				EC0188E11D81C3EB005E46B9 /* url.h */,
				EC0188E21D81C3EB005E46B9 /* version.h */,
			);
			path = libavformat;
			sourceTree = "<group>";
		};
		EC0188E31D81C3EB005E46B9 /* libavutil */ = {
			isa = PBXGroup;
			children = (
				EC0188E41D81C3EB005E46B9 /* adler32.h */,
				EC0188E51D81C3EB005E46B9 /* aes.h */,
				EC0188E61D81C3EB005E46B9 /* aes_ctr.h */,
				EC0188E71D81C3EB005E46B9 /* application.h */,
				EC0188E81D81C3EB005E46B9 /* arm64 */,
				EC0188EB1D81C3EB005E46B9 /* armv7 */,
				EC0188EE1D81C3EB005E46B9 /* attributes.h */,
				EC0188EF1D81C3EB005E46B9 /* audio_fifo.h */,
				EC0188F01D81C3EB005E46B9 /* avassert.h */,
				EC0188F11D81C3EB005E46B9 /* avconfig.h */,
				EC0188F21D81C3EB005E46B9 /* avstring.h */,
				EC0188F31D81C3EB005E46B9 /* avutil.h */,
				EC0188F41D81C3EB005E46B9 /* base64.h */,
				EC0188F51D81C3EB005E46B9 /* blowfish.h */,
				EC0188F61D81C3EB005E46B9 /* bprint.h */,
				EC0188F71D81C3EB005E46B9 /* bswap.h */,
				EC0188F81D81C3EB005E46B9 /* buffer.h */,
				EC0188F91D81C3EB005E46B9 /* camellia.h */,
				EC0188FA1D81C3EB005E46B9 /* cast5.h */,
				EC0188FB1D81C3EB005E46B9 /* channel_layout.h */,
				EC0188FC1D81C3EB005E46B9 /* common.h */,
				EC0188FD1D81C3EB005E46B9 /* cpu.h */,
				EC0188FE1D81C3EB005E46B9 /* crc.h */,
				EC0188FF1D81C3EB005E46B9 /* des.h */,
				EC0189001D81C3EB005E46B9 /* dict.h */,
				EC0189011D81C3EB005E46B9 /* display.h */,
				EC0189021D81C3EB005E46B9 /* downmix_info.h */,
				EC0189031D81C3EB005E46B9 /* error.h */,
				EC0189041D81C3EB005E46B9 /* eval.h */,
				EC0189051D81C3EB005E46B9 /* ffversion.h */,
				EC0189061D81C3EB005E46B9 /* fifo.h */,
				EC0189071D81C3EB005E46B9 /* file.h */,
				EC0189081D81C3EB005E46B9 /* frame.h */,
				EC0189091D81C3EB005E46B9 /* hash.h */,
				EC01890A1D81C3EB005E46B9 /* hmac.h */,
				EC01890B1D81C3EB005E46B9 /* hwcontext.h */,
				EC01890C1D81C3EB005E46B9 /* hwcontext_cuda.h */,
				EC01890D1D81C3EB005E46B9 /* hwcontext_dxva2.h */,
				EC01890E1D81C3EB005E46B9 /* hwcontext_vaapi.h */,
				EC01890F1D81C3EB005E46B9 /* hwcontext_vdpau.h */,
				EC0189101D81C3EB005E46B9 /* i386 */,
				EC0189131D81C3EB005E46B9 /* imgutils.h */,
				EC0189141D81C3EB005E46B9 /* intfloat.h */,
				EC0189151D81C3EB005E46B9 /* intreadwrite.h */,
				EC0189161D81C3EB005E46B9 /* lfg.h */,
				EC0189171D81C3EB005E46B9 /* log.h */,
				EC0189181D81C3EB005E46B9 /* macros.h */,
				EC0189191D81C3EB005E46B9 /* mastering_display_metadata.h */,
				EC01891A1D81C3EB005E46B9 /* mathematics.h */,
				EC01891B1D81C3EB005E46B9 /* md5.h */,
				EC01891C1D81C3EB005E46B9 /* mem.h */,
				EC01891D1D81C3EB005E46B9 /* motion_vector.h */,
				EC01891E1D81C3EB005E46B9 /* murmur3.h */,
				EC01891F1D81C3EB005E46B9 /* opt.h */,
				EC0189201D81C3EB005E46B9 /* parseutils.h */,
				EC0189211D81C3EB005E46B9 /* pixdesc.h */,
				EC0189221D81C3EB005E46B9 /* pixelutils.h */,
				EC0189231D81C3EB005E46B9 /* pixfmt.h */,
				EC0189241D81C3EB005E46B9 /* random_seed.h */,
				EC0189251D81C3EB005E46B9 /* rational.h */,
				EC0189261D81C3EB005E46B9 /* rc4.h */,
				EC0189271D81C3EB005E46B9 /* replaygain.h */,
				EC0189281D81C3EB005E46B9 /* ripemd.h */,
				EC0189291D81C3EB005E46B9 /* samplefmt.h */,
				EC01892A1D81C3EB005E46B9 /* sha.h */,
				EC01892B1D81C3EB005E46B9 /* sha512.h */,
				EC01892C1D81C3EB005E46B9 /* stereo3d.h */,
				EC01892D1D81C3EB005E46B9 /* tea.h */,
				EC01892E1D81C3EB005E46B9 /* thread.h */,
				EC01892F1D81C3EB005E46B9 /* threadmessage.h */,
				EC0189301D81C3EB005E46B9 /* time.h */,
				EC0189311D81C3EB005E46B9 /* timecode.h */,
				EC0189321D81C3EB005E46B9 /* timestamp.h */,
				EC0189331D81C3EB005E46B9 /* tree.h */,
				EC0189341D81C3EB005E46B9 /* twofish.h */,
				EC0189351D81C3EB005E46B9 /* version.h */,
				EC0189361D81C3EB005E46B9 /* x86_64 */,
				EC0189391D81C3EB005E46B9 /* xtea.h */,
			);
			path = libavutil;
			sourceTree = "<group>";
		};
		EC0188E81D81C3EB005E46B9 /* arm64 */ = {
			isa = PBXGroup;
			children = (
				EC0188E91D81C3EB005E46B9 /* avconfig.h */,
				EC0188EA1D81C3EB005E46B9 /* ffversion.h */,
			);
			path = arm64;
			sourceTree = "<group>";
		};
		EC0188EB1D81C3EB005E46B9 /* armv7 */ = {
			isa = PBXGroup;
			children = (
				EC0188EC1D81C3EB005E46B9 /* avconfig.h */,
				EC0188ED1D81C3EB005E46B9 /* ffversion.h */,
			);
			path = armv7;
			sourceTree = "<group>";
		};
		EC0189101D81C3EB005E46B9 /* i386 */ = {
			isa = PBXGroup;
			children = (
				EC0189111D81C3EB005E46B9 /* avconfig.h */,
				EC0189121D81C3EB005E46B9 /* ffversion.h */,
			);
			path = i386;
			sourceTree = "<group>";
		};
		EC0189361D81C3EB005E46B9 /* x86_64 */ = {
			isa = PBXGroup;
			children = (
				EC0189371D81C3EB005E46B9 /* avconfig.h */,
				EC0189381D81C3EB005E46B9 /* ffversion.h */,
			);
			path = x86_64;
			sourceTree = "<group>";
		};
		EC01893A1D81C3EB005E46B9 /* libffmpeg */ = {
			isa = PBXGroup;
			children = (
				EC01893B1D81C3EB005E46B9 /* arm64 */,
				EC01893D1D81C3EB005E46B9 /* armv7 */,
				EC01893F1D81C3EB005E46B9 /* config.h */,
				EC0189401D81C3EB005E46B9 /* i386 */,
				EC0189421D81C3EB005E46B9 /* x86_64 */,
			);
			path = libffmpeg;
			sourceTree = "<group>";
		};
		EC01893B1D81C3EB005E46B9 /* arm64 */ = {
			isa = PBXGroup;
			children = (
				EC01893C1D81C3EB005E46B9 /* config.h */,
			);
			path = arm64;
			sourceTree = "<group>";
		};
		EC01893D1D81C3EB005E46B9 /* armv7 */ = {
			isa = PBXGroup;
			children = (
				EC01893E1D81C3EB005E46B9 /* config.h */,
			);
			path = armv7;
			sourceTree = "<group>";
		};
		EC0189401D81C3EB005E46B9 /* i386 */ = {
			isa = PBXGroup;
			children = (
				EC0189411D81C3EB005E46B9 /* config.h */,
			);
			path = i386;
			sourceTree = "<group>";
		};
		EC0189421D81C3EB005E46B9 /* x86_64 */ = {
			isa = PBXGroup;
			children = (
				EC0189431D81C3EB005E46B9 /* config.h */,
			);
			path = x86_64;
			sourceTree = "<group>";
		};
		EC0189441D81C3EB005E46B9 /* libswresample */ = {
			isa = PBXGroup;
			children = (
				EC0189451D81C3EB005E46B9 /* swresample.h */,
				EC0189461D81C3EB005E46B9 /* version.h */,
			);
			path = libswresample;
			sourceTree = "<group>";
		};
		EC0189471D81C3EB005E46B9 /* libswscale */ = {
			isa = PBXGroup;
			children = (
				EC0189481D81C3EB005E46B9 /* swscale.h */,
				EC0189491D81C3EB005E46B9 /* version.h */,
			);
			path = libswscale;
			sourceTree = "<group>";
		};
		EC01894A1D81C3EB005E46B9 /* lib */ = {
			isa = PBXGroup;
			children = (
				EC01894B1D81C3EB005E46B9 /* libavcodec.a */,
				EC01894C1D81C3EB005E46B9 /* libavfilter.a */,
				EC01894D1D81C3EB005E46B9 /* libavformat.a */,
				EC01894E1D81C3EB005E46B9 /* libavutil.a */,
				EC01894F1D81C3EB005E46B9 /* libswresample.a */,
				EC0189501D81C3EB005E46B9 /* libswscale.a */,
			);
			path = lib;
			sourceTree = "<group>";
		};
		EC09E9F31F094CA30034680D /* protocol */ = {
			isa = PBXGroup;
			children = (
				EC09E9F41F0AA2710034680D /* TTProtocol.cpp */,
				EC09E9F51F0AA2710034680D /* TTProtocol.hpp */,
			);
			path = protocol;
			sourceTree = "<group>";
		};
		EC1165511F52E36B00AF56ED /* Sources */ = {
			isa = PBXGroup;
			children = (
				EC1165521F52E36B00AF56ED /* Views */,
			);
			path = Sources;
			sourceTree = "<group>";
		};
		EC1165521F52E36B00AF56ED /* Views */ = {
			isa = PBXGroup;
			children = (
				EC1165531F52E3AD00AF56ED /* TTPlayerBar.h */,
				EC1165541F52E3AD00AF56ED /* TTPlayerBar.m */,
			);
			path = Views;
			sourceTree = "<group>";
		};
		EC1A20891F43FB0200632C0D /* process */ = {
			isa = PBXGroup;
			children = (
				EC1A20AF1F46C7AD00632C0D /* TTProcess.h */,
				EC1A20991F43FB6A00632C0D /* TTGLContext_ios.mm */,
				EC1A209A1F43FB6A00632C0D /* TTGLContext_ios.h */,
				EC1A208B1F43FB0200632C0D /* TTFramebuffer.cpp */,
				EC1A208A1F43FB0200632C0D /* TTFramebuffer.hpp */,
				EC1A208C1F43FB0200632C0D /* TTProgram.cpp */,
				EC1A208D1F43FB0200632C0D /* TTProgram.hpp */,
				EC1A208E1F43FB0200632C0D /* TTSource.cpp */,
				EC1A208F1F43FB0200632C0D /* TTSource.hpp */,
				EC1A20901F43FB0200632C0D /* TTFilter.cpp */,
				EC1A20911F43FB0200632C0D /* TTFilter.hpp */,
				EC11654B1F52B9B100AF56ED /* TTFilterGroup.cpp */,
				EC11654C1F52B9B100AF56ED /* TTFilterGroup.hpp */,
				EC1A20AB1F46C50C00632C0D /* TTContrastFilter.cpp */,
				EC1A20AC1F46C50C00632C0D /* TTContrastFilter.hpp */,
				EC1A209C1F45333E00632C0D /* TTColorConvertFilter.cpp */,
				EC1A209D1F45333E00632C0D /* TTColorConvertFilter.hpp */,
				EC1A20B01F498EA200632C0D /* TTFilter_ios.h */,
				EC1A20B11F498EA200632C0D /* TTFilter_ios.mm */,
				EC1A20A81F45816000632C0D /* TTImageView.h */,
				EC1A20A91F45816000632C0D /* TTImageView.mm */,
				EC41A98E1F49F1F900321BD4 /* TTMovieWriter.h */,
				EC41A98F1F49F1F900321BD4 /* TTMovieWriter.mm */,
			);
			path = process;
			sourceTree = "<group>";
		};
		EC3D8F6A1B99BD8F006FC622 = {
			isa = PBXGroup;
			children = (
				EC8D83EB1D846E7B00C25D03 /* CoreVideo.framework */,
				EC35E74F1D7C10C200F0659A /* libbz2.tbd */,
				EC12806B1D7BF0AB00ACF31A /* libiconv.tbd */,
				EC1280691D7BF0A400ACF31A /* libz.tbd */,
				EC194A1E1CCE056300032B9A /* libstdc++.6.0.9.dylib */,
				EC3D8F751B99BD8F006FC622 /* TTPlayerExample */,
				EC3D8F8F1B99BD8F006FC622 /* TTPlayerExampleTests */,
				EC3D8F741B99BD8F006FC622 /* Products */,
			);
			sourceTree = "<group>";
		};
		EC3D8F741B99BD8F006FC622 /* Products */ = {
			isa = PBXGroup;
			children = (
				EC3D8F731B99BD8F006FC622 /* TTPlayerExample.app */,
				EC3D8F8C1B99BD8F006FC622 /* TTPlayerExampleTests.xctest */,
			);
			name = Products;
			sourceTree = "<group>";
		};
		EC3D8F751B99BD8F006FC622 /* TTPlayerExample */ = {
			isa = PBXGroup;
			children = (
				EC3EC49B1B9DD9D700C1438F /* TTPlayer */,
				EC1165511F52E36B00AF56ED /* Sources */,
				EC3D8F7A1B99BD8F006FC622 /* AppDelegate.h */,
				EC3D8F7B1B99BD8F006FC622 /* AppDelegate.m */,
				EC3D8F7D1B99BD8F006FC622 /* ViewController.h */,
				EC3D8F7E1B99BD8F006FC622 /* ViewController.mm */,
				EC3D8F801B99BD8F006FC622 /* Main.storyboard */,
				EC3D8F831B99BD8F006FC622 /* Images.xcassets */,
				EC3D8F851B99BD8F006FC622 /* LaunchScreen.xib */,
				EC3D8F761B99BD8F006FC622 /* Supporting Files */,
			);
			path = TTPlayerExample;
			sourceTree = "<group>";
		};
		EC3D8F761B99BD8F006FC622 /* Supporting Files */ = {
			isa = PBXGroup;
			children = (
				ECB053ED1F3EA6C800A49FA5 /* audio_HEv2.flv */,
				EC4E9CAE1F2390A4005C8E36 /* test.mp4 */,
				EC3D8F771B99BD8F006FC622 /* Info.plist */,
				EC3D8F781B99BD8F006FC622 /* main.m */,
			);
			name = "Supporting Files";
			sourceTree = "<group>";
		};
		EC3D8F8F1B99BD8F006FC622 /* TTPlayerExampleTests */ = {
			isa = PBXGroup;
			children = (
				EC3D8F921B99BD8F006FC622 /* TTPlayerExampleTests.m */,
				EC3D8F901B99BD8F006FC622 /* Supporting Files */,
			);
			path = TTPlayerExampleTests;
			sourceTree = "<group>";
		};
		EC3D8F901B99BD8F006FC622 /* Supporting Files */ = {
			isa = PBXGroup;
			children = (
				EC3D8F911B99BD8F006FC622 /* Info.plist */,
			);
			name = "Supporting Files";
			sourceTree = "<group>";
		};
		EC3EC49B1B9DD9D700C1438F /* TTPlayer */ = {
			isa = PBXGroup;
			children = (
				EC3EC49C1B9DD9D700C1438F /* Info.plist */,
				ECEFB8EE1C2511F40027FBEA /* Vendor */,
				EC4727601D0C5B3E0023EE51 /* util */,
				EC47275C1D0C5A0D0023EE51 /* codec */,
				ECF92A0D1D676181006BB111 /* stream */,
				EC09E9F31F094CA30034680D /* protocol */,
				EC4727521D0C14E40023EE51 /* network */,
				EC4E9C711F1A7AB5005C8E36 /* render */,
				EC1A20891F43FB0200632C0D /* process */,
				ECF92A291D69EFA7006BB111 /* TTPlayer.cpp */,
				ECF92A2A1D69EFA7006BB111 /* TTPlayer.hpp */,
				EC4E9CAA1F1FA937005C8E36 /* TTPlayer_ios.mm */,
				EC4E9CAC1F1FAA25005C8E36 /* TTPlayer_ios.h */,
				EC4E9C831F1A7DE5005C8E36 /* deprecate */,
			);
			name = TTPlayer;
			path = ../../TTPlayer;
			sourceTree = "<group>";
		};
		EC4727521D0C14E40023EE51 /* network */ = {
			isa = PBXGroup;
			children = (
				EC4727531D0C15100023EE51 /* TTTCPSocket.cpp */,
				EC4727541D0C15100023EE51 /* TTTCPSocket.hpp */,
			);
			path = network;
			sourceTree = "<group>";
		};
		EC47275C1D0C5A0D0023EE51 /* codec */ = {
			isa = PBXGroup;
			children = (
				ECF92A171D67619D006BB111 /* TTFrame.cpp */,
				ECF92A181D67619D006BB111 /* TTFrame.hpp */,
				EC01895A1D81D52A005E46B9 /* TTVideoCodec.cpp */,
				EC01895B1D81D52A005E46B9 /* TTVideoCodec.hpp */,
				ECB053D81F3C13AB00A49FA5 /* TTAudioCodec.cpp */,
				ECB053D91F3C13AB00A49FA5 /* TTAudioCodec.hpp */,
			);
			path = codec;
			sourceTree = "<group>";
		};
		EC4727601D0C5B3E0023EE51 /* util */ = {
			isa = PBXGroup;
			children = (
				EC4E9C6E1F1A7AA6005C8E36 /* TTQueue.cpp */,
				EC4E9C6F1F1A7AA6005C8E36 /* TTQueue.hpp */,
				EC4727611D0C5B4F0023EE51 /* TTURL.cpp */,
				EC4727621D0C5B4F0023EE51 /* TTURL.hpp */,
				EC0189571D81D1E6005E46B9 /* TTQoS.cpp */,
				EC0189581D81D1E6005E46B9 /* TTQoS.hpp */,
				EC4E9C681F1A6400005C8E36 /* TTMutex.cpp */,
				EC4E9C691F1A6400005C8E36 /* TTMutex.hpp */,
				EC4E9C6B1F1A6572005C8E36 /* TTCond.cpp */,
				EC4E9C6C1F1A6572005C8E36 /* TTCond.hpp */,
				ECB053E61F3DE7AA00A49FA5 /* TTClock.cpp */,
				ECB053E71F3DE7AA00A49FA5 /* TTClock.hpp */,
				EC1A20811F42FAE000632C0D /* TTClass.cpp */,
				EC1A20821F42FAE000632C0D /* TTClass.hpp */,
				EC1A20AE1F46C59600632C0D /* TTdef.h */,
			);
			path = util;
			sourceTree = "<group>";
		};
		EC4E9C711F1A7AB5005C8E36 /* render */ = {
			isa = PBXGroup;
			children = (
				EC4E9C7A1F1A7C3E005C8E36 /* TTRender.cpp */,
				EC4E9C7B1F1A7C3E005C8E36 /* TTRender.hpp */,
				EC4E9CA71F1BC21E005C8E36 /* TTShaderYUV420p.cpp */,
				EC4E9CA81F1BC21E005C8E36 /* TTShaderYUV420p.hpp */,
				EC4E9CA31F1B9E99005C8E36 /* TTOpenGLView.h */,
				EC4E9CA41F1B9E99005C8E36 /* TTOpenGLView.mm */,
				ECB053E11F3C632D00A49FA5 /* TTAudioQueue.cpp */,
				ECB053E21F3C632D00A49FA5 /* TTAudioQueue.hpp */,
				ECB053DE1F3C629100A49FA5 /* TTAudioQueue_ios.cpp */,
				ECB053DF1F3C629100A49FA5 /* TTAudioQueue_ios.hpp */,
			);
			path = render;
			sourceTree = "<group>";
		};
		EC4E9C831F1A7DE5005C8E36 /* deprecate */ = {
			isa = PBXGroup;
			children = (
				EC4E9C841F1A7DE5005C8E36 /* AAPLEAGLLayer.h */,
				EC4E9C851F1A7DE5005C8E36 /* AAPLEAGLLayer.m */,
				EC4E9C861F1A7DE5005C8E36 /* TTAssetReader.h */,
				EC4E9C871F1A7DE5005C8E36 /* TTAssetReader.m */,
				EC4E9C881F1A7DE5005C8E36 /* TTAVPlayerView.h */,
				EC4E9C891F1A7DE5005C8E36 /* TTAVPlayerView.m */,
				EC4E9C8A1F1A7DE5005C8E36 /* TTFFmpegReader.h */,
				EC4E9C8B1F1A7DE5005C8E36 /* TTFFmpegReader.m */,
				EC4E9C8C1F1A7DE5005C8E36 /* TTOpenGLLayer.h */,
				EC4E9C8D1F1A7DE5005C8E36 /* TTOpenGLLayer.m */,
				EC4E9C8E1F1A7DE5005C8E36 /* TTPlayer.h */,
				EC4E9C8F1F1A7DE5005C8E36 /* TTPlayerControl.h */,
				EC4E9C901F1A7DE5005C8E36 /* TTPlayerControl.m */,
				EC4E9C911F1A7DE5005C8E36 /* TTPlayerFrame.h */,
				EC4E9C921F1A7DE5005C8E36 /* TTPlayerFrame.m */,
				EC4E9C931F1A7DE5005C8E36 /* TTPlayerView.h */,
				EC4E9C941F1A7DE5005C8E36 /* TTPlayerView.m */,
				EC4E9C951F1A7DE5005C8E36 /* TTQueue.h */,
				EC4E9C961F1A7DE5005C8E36 /* TTQueue.m */,
				EC4E9C971F1A7DE5005C8E36 /* TTVideoLayer.h */,
				EC4E9C981F1A7DE5005C8E36 /* TTVideoLayer.m */,
			);
			path = deprecate;
			sourceTree = "<group>";
		};
		ECB053E91F3E94EC00A49FA5 /* easylogging */ = {
			isa = PBXGroup;
			children = (
				ECB053EA1F3E94EC00A49FA5 /* easylogging++.cc */,
				ECB053EB1F3E94EC00A49FA5 /* easylogging++.h */,
			);
			path = easylogging;
			sourceTree = "<group>";
		};
		ECEFB8EE1C2511F40027FBEA /* Vendor */ = {
			isa = PBXGroup;
			children = (
				ECB053E91F3E94EC00A49FA5 /* easylogging */,
				EC0188C31D81C3EB005E46B9 /* FFmpeg-iOS */,
			);
			path = Vendor;
			sourceTree = "<group>";
		};
		ECF92A0D1D676181006BB111 /* stream */ = {
			isa = PBXGroup;
			children = (
				EC35E7531D7C327700F0659A /* TTPacket.cpp */,
				EC35E7541D7C327700F0659A /* TTPacket.hpp */,
				ECF92A121D676181006BB111 /* TTStream.cpp */,
				ECF92A131D676181006BB111 /* TTStream.hpp */,
				ECF92A0E1D676181006BB111 /* TTFFStream.cpp */,
				ECF92A0F1D676181006BB111 /* TTFFStream.hpp */,
			);
			path = stream;
			sourceTree = "<group>";
		};
/* End PBXGroup section */

/* Begin PBXNativeTarget section */
		EC3D8F721B99BD8F006FC622 /* TTPlayerExample */ = {
			isa = PBXNativeTarget;
			buildConfigurationList = EC3D8F961B99BD8F006FC622 /* Build configuration list for PBXNativeTarget "TTPlayerExample" */;
			buildPhases = (
				EC3D8F6F1B99BD8F006FC622 /* Sources */,
				EC3D8F701B99BD8F006FC622 /* Frameworks */,
				EC3D8F711B99BD8F006FC622 /* Resources */,
			);
			buildRules = (
			);
			dependencies = (
			);
			name = TTPlayerExample;
			productName = TTPlayerExample;
			productReference = EC3D8F731B99BD8F006FC622 /* TTPlayerExample.app */;
			productType = "com.apple.product-type.application";
		};
		EC3D8F8B1B99BD8F006FC622 /* TTPlayerExampleTests */ = {
			isa = PBXNativeTarget;
			buildConfigurationList = EC3D8F991B99BD8F006FC622 /* Build configuration list for PBXNativeTarget "TTPlayerExampleTests" */;
			buildPhases = (
				EC3D8F881B99BD8F006FC622 /* Sources */,
				EC3D8F891B99BD8F006FC622 /* Frameworks */,
				EC3D8F8A1B99BD8F006FC622 /* Resources */,
			);
			buildRules = (
			);
			dependencies = (
				EC3D8F8E1B99BD8F006FC622 /* PBXTargetDependency */,
			);
			name = TTPlayerExampleTests;
			productName = TTPlayerExampleTests;
			productReference = EC3D8F8C1B99BD8F006FC622 /* TTPlayerExampleTests.xctest */;
			productType = "com.apple.product-type.bundle.unit-test";
		};
/* End PBXNativeTarget section */

/* Begin PBXProject section */
		EC3D8F6B1B99BD8F006FC622 /* Project object */ = {
			isa = PBXProject;
			attributes = {
				LastUpgradeCheck = 0730;
				ORGANIZATIONNAME = tina;
				TargetAttributes = {
					EC3D8F721B99BD8F006FC622 = {
						CreatedOnToolsVersion = 6.3.2;
						DevelopmentTeam = 4B2QYB9XQX;
					};
					EC3D8F8B1B99BD8F006FC622 = {
						CreatedOnToolsVersion = 6.3.2;
						TestTargetID = EC3D8F721B99BD8F006FC622;
					};
				};
			};
			buildConfigurationList = EC3D8F6E1B99BD8F006FC622 /* Build configuration list for PBXProject "TTPlayerExample" */;
			compatibilityVersion = "Xcode 3.2";
			developmentRegion = English;
			hasScannedForEncodings = 0;
			knownRegions = (
				en,
				Base,
			);
			mainGroup = EC3D8F6A1B99BD8F006FC622;
			productRefGroup = EC3D8F741B99BD8F006FC622 /* Products */;
			projectDirPath = "";
			projectRoot = "";
			targets = (
				EC3D8F721B99BD8F006FC622 /* TTPlayerExample */,
				EC3D8F8B1B99BD8F006FC622 /* TTPlayerExampleTests */,
			);
		};
/* End PBXProject section */

/* Begin PBXResourcesBuildPhase section */
		EC3D8F711B99BD8F006FC622 /* Resources */ = {
			isa = PBXResourcesBuildPhase;
			buildActionMask = 2147483647;
			files = (
				ECB053EE1F3EA6C800A49FA5 /* audio_HEv2.flv in Resources */,
				EC3D8F821B99BD8F006FC622 /* Main.storyboard in Resources */,
				EC3D8F871B99BD8F006FC622 /* LaunchScreen.xib in Resources */,
				EC3EC4A61B9DD9D700C1438F /* Info.plist in Resources */,
				EC4E9CAF1F2390A4005C8E36 /* test.mp4 in Resources */,
				EC3D8F841B99BD8F006FC622 /* Images.xcassets in Resources */,
			);
			runOnlyForDeploymentPostprocessing = 0;
		};
		EC3D8F8A1B99BD8F006FC622 /* Resources */ = {
			isa = PBXResourcesBuildPhase;
			buildActionMask = 2147483647;
			files = (
			);
			runOnlyForDeploymentPostprocessing = 0;
		};
/* End PBXResourcesBuildPhase section */

/* Begin PBXSourcesBuildPhase section */
		EC3D8F6F1B99BD8F006FC622 /* Sources */ = {
			isa = PBXSourcesBuildPhase;
			buildActionMask = 2147483647;
			files = (
				EC4E9C991F1A7DE5005C8E36 /* AAPLEAGLLayer.m in Sources */,
				EC4E9CA51F1B9E99005C8E36 /* TTOpenGLView.mm in Sources */,
				ECB053E31F3C632D00A49FA5 /* TTAudioQueue.cpp in Sources */,
				EC01895C1D81D52A005E46B9 /* TTVideoCodec.cpp in Sources */,
				EC1A20941F43FB0200632C0D /* TTSource.cpp in Sources */,
				EC1A20921F43FB0200632C0D /* TTFramebuffer.cpp in Sources */,
				EC4E9C801F1A7C3E005C8E36 /* TTRender.cpp in Sources */,
				EC1A20831F42FAE000632C0D /* TTClass.cpp in Sources */,
				EC09E9F61F0AA2710034680D /* TTProtocol.cpp in Sources */,
				EC3D8F7F1B99BD8F006FC622 /* ViewController.mm in Sources */,
				EC4E9C6A1F1A6400005C8E36 /* TTMutex.cpp in Sources */,
				EC4E9C9D1F1A7DE5005C8E36 /* TTOpenGLLayer.m in Sources */,
				EC1A20951F43FB0200632C0D /* TTFilter.cpp in Sources */,
				EC4E9CA21F1A7DE5005C8E36 /* TTVideoLayer.m in Sources */,
				EC11654D1F52B9B100AF56ED /* TTFilterGroup.cpp in Sources */,
				EC4E9CA11F1A7DE5005C8E36 /* TTQueue.m in Sources */,
				EC41A9901F49F1F900321BD4 /* TTMovieWriter.mm in Sources */,
				EC1A209E1F45333E00632C0D /* TTColorConvertFilter.cpp in Sources */,
				EC35E7551D7C327700F0659A /* TTPacket.cpp in Sources */,
				EC1A20931F43FB0200632C0D /* TTProgram.cpp in Sources */,
				EC4E9C9A1F1A7DE5005C8E36 /* TTAssetReader.m in Sources */,
				EC3D8F7C1B99BD8F006FC622 /* AppDelegate.m in Sources */,
				EC4E9C9F1F1A7DE5005C8E36 /* TTPlayerFrame.m in Sources */,
				ECB053E01F3C629100A49FA5 /* TTAudioQueue_ios.cpp in Sources */,
				ECB053E81F3DE7AA00A49FA5 /* TTClock.cpp in Sources */,
				EC4E9CAB1F1FA937005C8E36 /* TTPlayer_ios.mm in Sources */,
				EC4E9C9E1F1A7DE5005C8E36 /* TTPlayerControl.m in Sources */,
				EC0189591D81D1E6005E46B9 /* TTQoS.cpp in Sources */,
				EC4E9C701F1A7AA6005C8E36 /* TTQueue.cpp in Sources */,
				EC4E9CA01F1A7DE5005C8E36 /* TTPlayerView.m in Sources */,
				ECF92A161D676181006BB111 /* TTStream.cpp in Sources */,
				EC1A20AD1F46C50C00632C0D /* TTContrastFilter.cpp in Sources */,
				EC4E9C6D1F1A6572005C8E36 /* TTCond.cpp in Sources */,
				EC4727631D0C5B4F0023EE51 /* TTURL.cpp in Sources */,
				EC1165551F52E3AD00AF56ED /* TTPlayerBar.m in Sources */,
				ECF92A2B1D69EFA7006BB111 /* TTPlayer.cpp in Sources */,
				EC1A20B21F498EA200632C0D /* TTFilter_ios.mm in Sources */,
				EC4727551D0C15100023EE51 /* TTTCPSocket.cpp in Sources */,
				ECF92A191D67619D006BB111 /* TTFrame.cpp in Sources */,
				ECB053EC1F3E94EC00A49FA5 /* easylogging++.cc in Sources */,
				ECF92A141D676181006BB111 /* TTFFStream.cpp in Sources */,
				ECB053DA1F3C13AB00A49FA5 /* TTAudioCodec.cpp in Sources */,
				EC1A20AA1F45816000632C0D /* TTImageView.mm in Sources */,
				EC4E9C9C1F1A7DE5005C8E36 /* TTFFmpegReader.m in Sources */,
				EC4E9C9B1F1A7DE5005C8E36 /* TTAVPlayerView.m in Sources */,
				EC4E9CA91F1BC21E005C8E36 /* TTShaderYUV420p.cpp in Sources */,
				EC3D8F791B99BD8F006FC622 /* main.m in Sources */,
				EC1A209B1F43FB6A00632C0D /* TTGLContext_ios.mm in Sources */,
			);
			runOnlyForDeploymentPostprocessing = 0;
		};
		EC3D8F881B99BD8F006FC622 /* Sources */ = {
			isa = PBXSourcesBuildPhase;
			buildActionMask = 2147483647;
			files = (
				EC3D8F931B99BD8F006FC622 /* TTPlayerExampleTests.m in Sources */,
			);
			runOnlyForDeploymentPostprocessing = 0;
		};
/* End PBXSourcesBuildPhase section */

/* Begin PBXTargetDependency section */
		EC3D8F8E1B99BD8F006FC622 /* PBXTargetDependency */ = {
			isa = PBXTargetDependency;
			target = EC3D8F721B99BD8F006FC622 /* TTPlayerExample */;
			targetProxy = EC3D8F8D1B99BD8F006FC622 /* PBXContainerItemProxy */;
		};
/* End PBXTargetDependency section */

/* Begin PBXVariantGroup section */
		EC3D8F801B99BD8F006FC622 /* Main.storyboard */ = {
			isa = PBXVariantGroup;
			children = (
				EC3D8F811B99BD8F006FC622 /* Base */,
			);
			name = Main.storyboard;
			sourceTree = "<group>";
		};
		EC3D8F851B99BD8F006FC622 /* LaunchScreen.xib */ = {
			isa = PBXVariantGroup;
			children = (
				EC3D8F861B99BD8F006FC622 /* Base */,
			);
			name = LaunchScreen.xib;
			sourceTree = "<group>";
		};
/* End PBXVariantGroup section */

/* Begin XCBuildConfiguration section */
		EC3D8F941B99BD8F006FC622 /* Debug */ = {
			isa = XCBuildConfiguration;
			buildSettings = {
				ALWAYS_SEARCH_USER_PATHS = NO;
				CLANG_CXX_LANGUAGE_STANDARD = "gnu++0x";
				CLANG_CXX_LIBRARY = "libc++";
				CLANG_ENABLE_MODULES = YES;
				CLANG_ENABLE_OBJC_ARC = YES;
				CLANG_WARN_BOOL_CONVERSION = YES;
				CLANG_WARN_CONSTANT_CONVERSION = YES;
				CLANG_WARN_DIRECT_OBJC_ISA_USAGE = YES_ERROR;
				CLANG_WARN_EMPTY_BODY = YES;
				CLANG_WARN_ENUM_CONVERSION = YES;
				CLANG_WARN_INT_CONVERSION = YES;
				CLANG_WARN_OBJC_ROOT_CLASS = YES_ERROR;
				CLANG_WARN_UNREACHABLE_CODE = YES;
				CLANG_WARN__DUPLICATE_METHOD_MATCH = YES;
				"CODE_SIGN_IDENTITY[sdk=iphoneos*]" = "iPhone Developer";
				COPY_PHASE_STRIP = NO;
				DEBUG_INFORMATION_FORMAT = "dwarf-with-dsym";
				ENABLE_STRICT_OBJC_MSGSEND = YES;
				ENABLE_TESTABILITY = YES;
				GCC_C_LANGUAGE_STANDARD = gnu99;
				GCC_DYNAMIC_NO_PIC = NO;
				GCC_NO_COMMON_BLOCKS = YES;
				GCC_OPTIMIZATION_LEVEL = 0;
				GCC_PREPROCESSOR_DEFINITIONS = (
					"DEBUG=1",
					"$(inherited)",
				);
				GCC_SYMBOLS_PRIVATE_EXTERN = NO;
				GCC_WARN_64_TO_32_BIT_CONVERSION = YES;
				GCC_WARN_ABOUT_RETURN_TYPE = YES_ERROR;
				GCC_WARN_UNDECLARED_SELECTOR = YES;
				GCC_WARN_UNINITIALIZED_AUTOS = YES_AGGRESSIVE;
				GCC_WARN_UNUSED_FUNCTION = YES;
				GCC_WARN_UNUSED_VARIABLE = YES;
				IPHONEOS_DEPLOYMENT_TARGET = 8.3;
				MTL_ENABLE_DEBUG_INFO = YES;
				ONLY_ACTIVE_ARCH = YES;
				SDKROOT = iphoneos;
				TARGETED_DEVICE_FAMILY = "1,2";
			};
			name = Debug;
		};
		EC3D8F951B99BD8F006FC622 /* Release */ = {
			isa = XCBuildConfiguration;
			buildSettings = {
				ALWAYS_SEARCH_USER_PATHS = NO;
				CLANG_CXX_LANGUAGE_STANDARD = "gnu++0x";
				CLANG_CXX_LIBRARY = "libc++";
				CLANG_ENABLE_MODULES = YES;
				CLANG_ENABLE_OBJC_ARC = YES;
				CLANG_WARN_BOOL_CONVERSION = YES;
				CLANG_WARN_CONSTANT_CONVERSION = YES;
				CLANG_WARN_DIRECT_OBJC_ISA_USAGE = YES_ERROR;
				CLANG_WARN_EMPTY_BODY = YES;
				CLANG_WARN_ENUM_CONVERSION = YES;
				CLANG_WARN_INT_CONVERSION = YES;
				CLANG_WARN_OBJC_ROOT_CLASS = YES_ERROR;
				CLANG_WARN_UNREACHABLE_CODE = YES;
				CLANG_WARN__DUPLICATE_METHOD_MATCH = YES;
				"CODE_SIGN_IDENTITY[sdk=iphoneos*]" = "iPhone Developer";
				COPY_PHASE_STRIP = NO;
				DEBUG_INFORMATION_FORMAT = "dwarf-with-dsym";
				ENABLE_NS_ASSERTIONS = NO;
				ENABLE_STRICT_OBJC_MSGSEND = YES;
				GCC_C_LANGUAGE_STANDARD = gnu99;
				GCC_NO_COMMON_BLOCKS = YES;
				GCC_WARN_64_TO_32_BIT_CONVERSION = YES;
				GCC_WARN_ABOUT_RETURN_TYPE = YES_ERROR;
				GCC_WARN_UNDECLARED_SELECTOR = YES;
				GCC_WARN_UNINITIALIZED_AUTOS = YES_AGGRESSIVE;
				GCC_WARN_UNUSED_FUNCTION = YES;
				GCC_WARN_UNUSED_VARIABLE = YES;
				IPHONEOS_DEPLOYMENT_TARGET = 8.3;
				MTL_ENABLE_DEBUG_INFO = NO;
				SDKROOT = iphoneos;
				TARGETED_DEVICE_FAMILY = "1,2";
				VALIDATE_PRODUCT = YES;
			};
			name = Release;
		};
		EC3D8F971B99BD8F006FC622 /* Debug */ = {
			isa = XCBuildConfiguration;
			buildSettings = {
				ASSETCATALOG_COMPILER_APPICON_NAME = AppIcon;
				CODE_SIGN_IDENTITY = "iPhone Developer";
				DEVELOPMENT_TEAM = 4B2QYB9XQX;
				ENABLE_BITCODE = NO;
				FRAMEWORK_SEARCH_PATHS = "$(inherited)";
				GCC_PREPROCESSOR_DEFINITIONS = (
					ELPP_THREAD_SAFE,
					ELPP_FEATURE_PERFORMANCE_TRACKING,
					"DEBUG=1",
				);
				HEADER_SEARCH_PATHS = (
					"$(PROJECT_DIR)/../TTPlayer/Vendor/easylogging/",
					"$(PROJECT_DIR)/../TTPlayer/Vendor/FFmpeg-iOS/include/",
					"$(inherited)",
					/Applications/Xcode.app/Contents/Developer/Toolchains/XcodeDefault.xctoolchain/usr/include,
				);
				INFOPLIST_FILE = TTPlayerExample/Info.plist;
				LD_RUNPATH_SEARCH_PATHS = "$(inherited) @executable_path/Frameworks";
				LIBRARY_SEARCH_PATHS = (
					"$(inherited)",
					"/Users/liang/Workspace/projects/iOS/TTPlayer/TTPlayer/Vendor/FFmpeg-iOS/lib",
				);
				ONLY_ACTIVE_ARCH = YES;
				PRODUCT_BUNDLE_IDENTIFIER = org.tina.TTPlayerExample;
				PRODUCT_NAME = "$(TARGET_NAME)";
			};
			name = Debug;
		};
		EC3D8F981B99BD8F006FC622 /* Release */ = {
			isa = XCBuildConfiguration;
			buildSettings = {
				ASSETCATALOG_COMPILER_APPICON_NAME = AppIcon;
				CODE_SIGN_IDENTITY = "iPhone Developer";
				DEVELOPMENT_TEAM = 4B2QYB9XQX;
				ENABLE_BITCODE = NO;
				FRAMEWORK_SEARCH_PATHS = "$(inherited)";
				GCC_PREPROCESSOR_DEFINITIONS = (
					ELPP_THREAD_SAFE,
					ELPP_FEATURE_PERFORMANCE_TRACKING,
				);
				HEADER_SEARCH_PATHS = (
					"$(PROJECT_DIR)/../TTPlayer/Vendor/easylogging/",
					"$(PROJECT_DIR)/../TTPlayer/Vendor/FFmpeg-iOS/include/",
					"$(inherited)",
					/Applications/Xcode.app/Contents/Developer/Toolchains/XcodeDefault.xctoolchain/usr/include,
				);
				INFOPLIST_FILE = TTPlayerExample/Info.plist;
				LD_RUNPATH_SEARCH_PATHS = "$(inherited) @executable_path/Frameworks";
				LIBRARY_SEARCH_PATHS = (
					"$(inherited)",
					"/Users/liang/Workspace/projects/iOS/TTPlayer/TTPlayer/Vendor/FFmpeg-iOS/lib",
				);
				ONLY_ACTIVE_ARCH = NO;
				PRODUCT_BUNDLE_IDENTIFIER = org.tina.TTPlayerExample;
				PRODUCT_NAME = "$(TARGET_NAME)";
			};
			name = Release;
		};
		EC3D8F9A1B99BD8F006FC622 /* Debug */ = {
			isa = XCBuildConfiguration;
			buildSettings = {
				BUNDLE_LOADER = "$(TEST_HOST)";
				FRAMEWORK_SEARCH_PATHS = (
					"$(SDKROOT)/Developer/Library/Frameworks",
					"$(inherited)",
				);
				GCC_PREPROCESSOR_DEFINITIONS = (
					"DEBUG=1",
					"$(inherited)",
				);
				INFOPLIST_FILE = TTPlayerExampleTests/Info.plist;
				LD_RUNPATH_SEARCH_PATHS = "$(inherited) @executable_path/Frameworks @loader_path/Frameworks";
				PRODUCT_BUNDLE_IDENTIFIER = "org.tina.$(PRODUCT_NAME:rfc1034identifier)";
				PRODUCT_NAME = "$(TARGET_NAME)";
				TEST_HOST = "$(BUILT_PRODUCTS_DIR)/TTPlayerExample.app/TTPlayerExample";
			};
			name = Debug;
		};
		EC3D8F9B1B99BD8F006FC622 /* Release */ = {
			isa = XCBuildConfiguration;
			buildSettings = {
				BUNDLE_LOADER = "$(TEST_HOST)";
				FRAMEWORK_SEARCH_PATHS = (
					"$(SDKROOT)/Developer/Library/Frameworks",
					"$(inherited)",
				);
				INFOPLIST_FILE = TTPlayerExampleTests/Info.plist;
				LD_RUNPATH_SEARCH_PATHS = "$(inherited) @executable_path/Frameworks @loader_path/Frameworks";
				PRODUCT_BUNDLE_IDENTIFIER = "org.tina.$(PRODUCT_NAME:rfc1034identifier)";
				PRODUCT_NAME = "$(TARGET_NAME)";
				TEST_HOST = "$(BUILT_PRODUCTS_DIR)/TTPlayerExample.app/TTPlayerExample";
			};
			name = Release;
		};
/* End XCBuildConfiguration section */

/* Begin XCConfigurationList section */
		EC3D8F6E1B99BD8F006FC622 /* Build configuration list for PBXProject "TTPlayerExample" */ = {
			isa = XCConfigurationList;
			buildConfigurations = (
				EC3D8F941B99BD8F006FC622 /* Debug */,
				EC3D8F951B99BD8F006FC622 /* Release */,
			);
			defaultConfigurationIsVisible = 0;
			defaultConfigurationName = Release;
		};
		EC3D8F961B99BD8F006FC622 /* Build configuration list for PBXNativeTarget "TTPlayerExample" */ = {
			isa = XCConfigurationList;
			buildConfigurations = (
				EC3D8F971B99BD8F006FC622 /* Debug */,
				EC3D8F981B99BD8F006FC622 /* Release */,
			);
			defaultConfigurationIsVisible = 0;
			defaultConfigurationName = Release;
		};
		EC3D8F991B99BD8F006FC622 /* Build configuration list for PBXNativeTarget "TTPlayerExampleTests" */ = {
			isa = XCConfigurationList;
			buildConfigurations = (
				EC3D8F9A1B99BD8F006FC622 /* Debug */,
				EC3D8F9B1B99BD8F006FC622 /* Release */,
			);
			defaultConfigurationIsVisible = 0;
			defaultConfigurationName = Release;
		};
/* End XCConfigurationList section */
	};
	rootObject = EC3D8F6B1B99BD8F006FC622 /* Project object */;
}
